
Microsoft Visual Studio Solution File, Format Version 12.00
# Visual Studio Version 17
VisualStudioVersion = 17.9.34616.47
MinimumVisualStudioVersion = 10.0.40219.1
Project("{FAE04EC0-301F-11D3-BF4B-00C04F79EFBC}") = "Sdl.Community.PostEdit.Compare", "Sdl.Community.PostEdit.Compare\Sdl.Community.PostEdit.Compare.csproj", "{B9AA109E-E936-4E92-A0AF-7297902270CD}"
EndProject
Project("{FAE04EC0-301F-11D3-BF4B-00C04F79EFBC}") = "Sdl.Community.PostEdit.Compare.Core", "Sdl.Community.PostEdit.Compare.Core\Sdl.Community.PostEdit.Compare.Core.csproj", "{46538E68-8AA6-4EDC-B291-CB2003E929D0}"
EndProject
Project("{FAE04EC0-301F-11D3-BF4B-00C04F79EFBC}") = "Sdl.Community.PostEdit.Compare.DAL", "Sdl.Community.PostEdit.Compare.DAL\Sdl.Community.PostEdit.Compare.DAL.csproj", "{D772940C-6DDD-4468-AD06-9CD07B9E1F05}"
EndProject
Project("{2150E333-8FDC-42A3-9474-1A3956D46DE8}") = "Build", "Build", "{4F54AEA6-6573-4DAD-963F-C17CB260B291}"
	ProjectSection(SolutionItems) = preProject
		Build\SolutionInfo.cs = Build\SolutionInfo.cs
	EndProjectSection
EndProject
Project("{FAE04EC0-301F-11D3-BF4B-00C04F79EFBC}") = "Sdl.Community.PostEdit.Versions", "Sdl.Community.PostEdit.Compare.Versions\Sdl.Community.PostEdit.Versions.csproj", "{49ACB8A9-2229-4C9F-AAA8-B67E5BD74BC5}"
EndProject
Project("{FAE04EC0-301F-11D3-BF4B-00C04F79EFBC}") = "TestProject1", "TestProject1\TestProject1.csproj", "{60BF3C2D-990A-4B53-B676-006E955DC2EE}"
EndProject
Global
	GlobalSection(SolutionConfigurationPlatforms) = preSolution
		Debug|Any CPU = Debug|Any CPU
		Debug|x86 = Debug|x86
		Release|Any CPU = Release|Any CPU
		Release|x86 = Release|x86
	EndGlobalSection
	GlobalSection(ProjectConfigurationPlatforms) = postSolution
		{B9AA109E-E936-4E92-A0AF-7297902270CD}.Debug|Any CPU.ActiveCfg = Debug|Any CPU
		{B9AA109E-E936-4E92-A0AF-7297902270CD}.Debug|Any CPU.Build.0 = Debug|Any CPU
		{B9AA109E-E936-4E92-A0AF-7297902270CD}.Debug|x86.ActiveCfg = Debug|Any CPU
		{B9AA109E-E936-4E92-A0AF-7297902270CD}.Debug|x86.Build.0 = Debug|Any CPU
		{B9AA109E-E936-4E92-A0AF-7297902270CD}.Release|Any CPU.ActiveCfg = Release|Any CPU
		{B9AA109E-E936-4E92-A0AF-7297902270CD}.Release|Any CPU.Build.0 = Release|Any CPU
		{B9AA109E-E936-4E92-A0AF-7297902270CD}.Release|x86.ActiveCfg = Release|Any CPU
		{B9AA109E-E936-4E92-A0AF-7297902270CD}.Release|x86.Build.0 = Release|Any CPU
		{46538E68-8AA6-4EDC-B291-CB2003E929D0}.Debug|Any CPU.ActiveCfg = Debug|Any CPU
		{46538E68-8AA6-4EDC-B291-CB2003E929D0}.Debug|Any CPU.Build.0 = Debug|Any CPU
		{46538E68-8AA6-4EDC-B291-CB2003E929D0}.Debug|x86.ActiveCfg = Debug|Any CPU
		{46538E68-8AA6-4EDC-B291-CB2003E929D0}.Debug|x86.Build.0 = Debug|Any CPU
		{46538E68-8AA6-4EDC-B291-CB2003E929D0}.Release|Any CPU.ActiveCfg = Release|Any CPU
		{46538E68-8AA6-4EDC-B291-CB2003E929D0}.Release|Any CPU.Build.0 = Release|Any CPU
		{46538E68-8AA6-4EDC-B291-CB2003E929D0}.Release|x86.ActiveCfg = Release|Any CPU
		{46538E68-8AA6-4EDC-B291-CB2003E929D0}.Release|x86.Build.0 = Release|Any CPU
		{D772940C-6DDD-4468-AD06-9CD07B9E1F05}.Debug|Any CPU.ActiveCfg = Debug|Any CPU
		{D772940C-6DDD-4468-AD06-9CD07B9E1F05}.Debug|Any CPU.Build.0 = Debug|Any CPU
		{D772940C-6DDD-4468-AD06-9CD07B9E1F05}.Debug|x86.ActiveCfg = Debug|Any CPU
		{D772940C-6DDD-4468-AD06-9CD07B9E1F05}.Debug|x86.Build.0 = Debug|Any CPU
		{D772940C-6DDD-4468-AD06-9CD07B9E1F05}.Release|Any CPU.ActiveCfg = Release|Any CPU
		{D772940C-6DDD-4468-AD06-9CD07B9E1F05}.Release|Any CPU.Build.0 = Release|Any CPU
		{D772940C-6DDD-4468-AD06-9CD07B9E1F05}.Release|x86.ActiveCfg = Release|Any CPU
		{D772940C-6DDD-4468-AD06-9CD07B9E1F05}.Release|x86.Build.0 = Release|Any CPU
		{49ACB8A9-2229-4C9F-AAA8-B67E5BD74BC5}.Debug|Any CPU.ActiveCfg = Debug|Any CPU
		{49ACB8A9-2229-4C9F-AAA8-B67E5BD74BC5}.Debug|Any CPU.Build.0 = Debug|Any CPU
		{49ACB8A9-2229-4C9F-AAA8-B67E5BD74BC5}.Debug|x86.ActiveCfg = Debug|Any CPU
		{49ACB8A9-2229-4C9F-AAA8-B67E5BD74BC5}.Debug|x86.Build.0 = Debug|Any CPU
		{49ACB8A9-2229-4C9F-AAA8-B67E5BD74BC5}.Release|Any CPU.ActiveCfg = Release|Any CPU
		{49ACB8A9-2229-4C9F-AAA8-B67E5BD74BC5}.Release|Any CPU.Build.0 = Release|Any CPU
		{49ACB8A9-2229-4C9F-AAA8-B67E5BD74BC5}.Release|x86.ActiveCfg = Release|Any CPU
		{49ACB8A9-2229-4C9F-AAA8-B67E5BD74BC5}.Release|x86.Build.0 = Release|Any CPU
		{60BF3C2D-990A-4B53-B676-006E955DC2EE}.Debug|Any CPU.ActiveCfg = Debug|Any CPU
		{60BF3C2D-990A-4B53-B676-006E955DC2EE}.Debug|Any CPU.Build.0 = Debug|Any CPU
		{60BF3C2D-990A-4B53-B676-006E955DC2EE}.Debug|x86.ActiveCfg = Debug|Any CPU
		{60BF3C2D-990A-4B53-B676-006E955DC2EE}.Debug|x86.Build.0 = Debug|Any CPU
		{60BF3C2D-990A-4B53-B676-006E955DC2EE}.Release|Any CPU.ActiveCfg = Release|Any CPU
		{60BF3C2D-990A-4B53-B676-006E955DC2EE}.Release|Any CPU.Build.0 = Release|Any CPU
		{60BF3C2D-990A-4B53-B676-006E955DC2EE}.Release|x86.ActiveCfg = Release|Any CPU
		{60BF3C2D-990A-4B53-B676-006E955DC2EE}.Release|x86.Build.0 = Release|Any CPU
	EndGlobalSection
	GlobalSection(SolutionProperties) = preSolution
		HideSolutionNode = FALSE
	EndGlobalSection
	GlobalSection(ExtensibilityGlobals) = postSolution
		SolutionGuid = {9663B4CB-AA4D-442A-89D1-C8D0B1B2335E}
	EndGlobalSection
EndGlobal
