
Microsoft Visual Studio Solution File, Format Version 11.00
# Visual C# Express 2010
Project("{FAE04EC0-301F-11D3-BF4B-00C04F79EFBC}") = "Sdl.Sdk.FileTypeSupport.Transit", "Sdl.Sdk.FileTypeSupport.Transit.csproj", "{5617D5CC-88D8-44D0-9431-CF963A39DCEE}"
EndProject
Global
	GlobalSection(SolutionConfigurationPlatforms) = preSolution
		Debug|Any CPU = Debug|Any CPU
		Release|Any CPU = Release|Any CPU
	EndGlobalSection
	GlobalSection(ProjectConfigurationPlatforms) = postSolution
		{5617D5CC-88D8-44D0-9431-CF963A39DCEE}.Debug|Any CPU.ActiveCfg = Debug|Any CPU
		{5617D5CC-88D8-44D0-9431-CF963A39DCEE}.Debug|Any CPU.Build.0 = Debug|Any CPU
		{5617D5CC-88D8-44D0-9431-CF963A39DCEE}.Release|Any CPU.ActiveCfg = Release|Any CPU
		{5617D5CC-88D8-44D0-9431-CF963A39DCEE}.Release|Any CPU.Build.0 = Release|Any CPU
	EndGlobalSection
	GlobalSection(SolutionProperties) = preSolution
		HideSolutionNode = FALSE
	EndGlobalSection
EndGlobal
