
Microsoft Visual Studio Solution File, Format Version 12.00
# Visual Studio 15
VisualStudioVersion = 15.0.28307.902
MinimumVisualStudioVersion = 10.0.40219.1
Project("{FAE04EC0-301F-11D3-BF4B-00C04F79EFBC}") = "Sdl.Community.SDLBatchAnonymize", "SDLBatchAnonymize\Sdl.Community.SDLBatchAnonymize.csproj", "{93053541-043F-46EE-A8F8-167F78C13792}"
EndProject
Global
	GlobalSection(SolutionConfigurationPlatforms) = preSolution
		Debug|Any CPU = Debug|Any CPU
		Release|Any CPU = Release|Any CPU
	EndGlobalSection
	GlobalSection(ProjectConfigurationPlatforms) = postSolution
		{93053541-043F-46EE-A8F8-167F78C13792}.Debug|Any CPU.ActiveCfg = Debug|Any CPU
		{93053541-043F-46EE-A8F8-167F78C13792}.Debug|Any CPU.Build.0 = Debug|Any CPU
		{93053541-043F-46EE-A8F8-167F78C13792}.Release|Any CPU.ActiveCfg = Release|Any CPU
		{93053541-043F-46EE-A8F8-167F78C13792}.Release|Any CPU.Build.0 = Release|Any CPU
	EndGlobalSection
	GlobalSection(SolutionProperties) = preSolution
		HideSolutionNode = FALSE
	EndGlobalSection
	GlobalSection(ExtensibilityGlobals) = postSolution
		SolutionGuid = {7BE9D047-277B-4C58-8A7D-8830F98DA2F7}
	EndGlobalSection
EndGlobal
