
Microsoft Visual Studio Solution File, Format Version 12.00
# Visual Studio 15
VisualStudioVersion = 15.0.28307.136
MinimumVisualStudioVersion = 10.0.40219.1
Project("{FAE04EC0-301F-11D3-BF4B-00C04F79EFBC}") = "ProjectCredentialsTest", "ProjectCredentialsTest\ProjectCredentialsTest.csproj", "{7DE20ADD-7C6C-4BE9-98FA-AAAE3419C017}"
EndProject
Global
	GlobalSection(SolutionConfigurationPlatforms) = preSolution
		Debug|Any CPU = Debug|Any CPU
		Release|Any CPU = Release|Any CPU
	EndGlobalSection
	GlobalSection(ProjectConfigurationPlatforms) = postSolution
		{7DE20ADD-7C6C-4BE9-98FA-AAAE3419C017}.Debug|Any CPU.ActiveCfg = Debug|Any CPU
		{7DE20ADD-7C6C-4BE9-98FA-AAAE3419C017}.Debug|Any CPU.Build.0 = Debug|Any CPU
		{7DE20ADD-7C6C-4BE9-98FA-AAAE3419C017}.Release|Any CPU.ActiveCfg = Release|Any CPU
		{7DE20ADD-7C6C-4BE9-98FA-AAAE3419C017}.Release|Any CPU.Build.0 = Release|Any CPU
	EndGlobalSection
	GlobalSection(SolutionProperties) = preSolution
		HideSolutionNode = FALSE
	EndGlobalSection
	GlobalSection(ExtensibilityGlobals) = postSolution
		SolutionGuid = {26899FC9-07D0-4DE7-BD71-570CFA2B8683}
	EndGlobalSection
EndGlobal
