
Microsoft Visual Studio Solution File, Format Version 12.00
# Visual Studio 15
VisualStudioVersion = 15.0.28307.902
MinimumVisualStudioVersion = 10.0.40219.1
Project("{FAE04EC0-301F-11D3-BF4B-00C04F79EFBC}") = "SDLTM.Import", "SDLTM.Import\SDLTM.Import.csproj", "{CBC86769-61EC-41C2-B6BD-778F513A6F29}"
EndProject
Project("{FAE04EC0-301F-11D3-BF4B-00C04F79EFBC}") = "SDLTMImportUnitTests", "SDLTMImportUnitTests\SDLTMImportUnitTests.csproj", "{34E26CB0-C4C2-41BC-B0F3-188AA9CC1C6A}"
EndProject
Global
	GlobalSection(SolutionConfigurationPlatforms) = preSolution
		Debug|Any CPU = Debug|Any CPU
		Release|Any CPU = Release|Any CPU
	EndGlobalSection
	GlobalSection(ProjectConfigurationPlatforms) = postSolution
		{CBC86769-61EC-41C2-B6BD-778F513A6F29}.Debug|Any CPU.ActiveCfg = Debug|Any CPU
		{CBC86769-61EC-41C2-B6BD-778F513A6F29}.Debug|Any CPU.Build.0 = Debug|Any CPU
		{CBC86769-61EC-41C2-B6BD-778F513A6F29}.Release|Any CPU.ActiveCfg = Release|Any CPU
		{CBC86769-61EC-41C2-B6BD-778F513A6F29}.Release|Any CPU.Build.0 = Release|Any CPU
		{34E26CB0-C4C2-41BC-B0F3-188AA9CC1C6A}.Debug|Any CPU.ActiveCfg = Debug|Any CPU
		{34E26CB0-C4C2-41BC-B0F3-188AA9CC1C6A}.Debug|Any CPU.Build.0 = Debug|Any CPU
		{34E26CB0-C4C2-41BC-B0F3-188AA9CC1C6A}.Release|Any CPU.ActiveCfg = Release|Any CPU
		{34E26CB0-C4C2-41BC-B0F3-188AA9CC1C6A}.Release|Any CPU.Build.0 = Release|Any CPU
	EndGlobalSection
	GlobalSection(SolutionProperties) = preSolution
		HideSolutionNode = FALSE
	EndGlobalSection
	GlobalSection(ExtensibilityGlobals) = postSolution
		SolutionGuid = {DB85C165-7F3F-4AD9-B639-2F4E34F298BE}
	EndGlobalSection
EndGlobal
