
Microsoft Visual Studio Solution File, Format Version 12.00
# Visual Studio Version 17
VisualStudioVersion = 17.2.32519.379
MinimumVisualStudioVersion = 10.0.40219.1
Project("{FAE04EC0-301F-11D3-BF4B-00C04F79EFBC}") = "GroupshareExcelAddIn", "GroupshareExcelAddIn\GroupshareExcelAddIn.csproj", "{D410F8D4-CA6E-4624-9269-F694B2888BD9}"
EndProject
Project("{FAE04EC0-301F-11D3-BF4B-00C04F79EFBC}") = "GroupshareAddIn.Tests", "GroupshareAddIn.Tests\GroupshareAddIn.Tests.csproj", "{639CC2A0-BA3D-4C66-9318-5A7D44016BE6}"
EndProject
Global
	GlobalSection(SolutionConfigurationPlatforms) = preSolution
		Debug|Any CPU = Debug|Any CPU
		Release|Any CPU = Release|Any CPU
	EndGlobalSection
	GlobalSection(ProjectConfigurationPlatforms) = postSolution
		{D410F8D4-CA6E-4624-9269-F694B2888BD9}.Debug|Any CPU.ActiveCfg = Debug|Any CPU
		{D410F8D4-CA6E-4624-9269-F694B2888BD9}.Debug|Any CPU.Build.0 = Debug|Any CPU
		{D410F8D4-CA6E-4624-9269-F694B2888BD9}.Release|Any CPU.ActiveCfg = Release|Any CPU
		{D410F8D4-CA6E-4624-9269-F694B2888BD9}.Release|Any CPU.Build.0 = Release|Any CPU
		{639CC2A0-BA3D-4C66-9318-5A7D44016BE6}.Debug|Any CPU.ActiveCfg = Debug|Any CPU
		{639CC2A0-BA3D-4C66-9318-5A7D44016BE6}.Debug|Any CPU.Build.0 = Debug|Any CPU
		{639CC2A0-BA3D-4C66-9318-5A7D44016BE6}.Release|Any CPU.ActiveCfg = Release|Any CPU
		{639CC2A0-BA3D-4C66-9318-5A7D44016BE6}.Release|Any CPU.Build.0 = Release|Any CPU
	EndGlobalSection
	GlobalSection(SolutionProperties) = preSolution
		HideSolutionNode = FALSE
	EndGlobalSection
	GlobalSection(ExtensibilityGlobals) = postSolution
		SolutionGuid = {E8B10E82-02ED-4F74-9CF2-319E9C5FDF0E}
	EndGlobalSection
EndGlobal
