
Microsoft Visual Studio Solution File, Format Version 12.00
# Visual Studio 15
VisualStudioVersion = 15.0.28307.136
MinimumVisualStudioVersion = 10.0.40219.1
Project("{FAE04EC0-301F-11D3-BF4B-00C04F79EFBC}") = "Sdl.Community.ProjectCreatedFromTemplateTest", "Sdl.Community.ProjectCreatedFromTemplateTest\Sdl.Community.ProjectCreatedFromTemplateTest.csproj", "{10E250BF-602D-4288-ACB2-AC2F596FAAF7}"
EndProject
Global
	GlobalSection(SolutionConfigurationPlatforms) = preSolution
		Debug|Any CPU = Debug|Any CPU
		Release|Any CPU = Release|Any CPU
	EndGlobalSection
	GlobalSection(ProjectConfigurationPlatforms) = postSolution
		{10E250BF-602D-4288-ACB2-AC2F596FAAF7}.Debug|Any CPU.ActiveCfg = Debug|Any CPU
		{10E250BF-602D-4288-ACB2-AC2F596FAAF7}.Debug|Any CPU.Build.0 = Debug|Any CPU
		{10E250BF-602D-4288-ACB2-AC2F596FAAF7}.Release|Any CPU.ActiveCfg = Release|Any CPU
		{10E250BF-602D-4288-ACB2-AC2F596FAAF7}.Release|Any CPU.Build.0 = Release|Any CPU
	EndGlobalSection
	GlobalSection(SolutionProperties) = preSolution
		HideSolutionNode = FALSE
	EndGlobalSection
	GlobalSection(ExtensibilityGlobals) = postSolution
		SolutionGuid = {1AF77EF6-F28C-4010-A55F-926751D97E1D}
	EndGlobalSection
EndGlobal
