
Microsoft Visual Studio Solution File, Format Version 12.00
# Visual Studio Version 17
VisualStudioVersion = 17.2.32616.157
MinimumVisualStudioVersion = 10.0.40219.1
Project("{9A19103F-16F7-4668-BE54-9A1E7A4F7556}") = "Sdl.Community.MTCloud.Provider", "Sdl.Community.MTCloud.Provider\Sdl.Community.MTCloud.Provider.csproj", "{C5C7E441-7416-47F3-A4B0-C20AEEC12ABF}"
EndProject
Project("{9A19103F-16F7-4668-BE54-9A1E7A4F7556}") = "Sdl.Community.MTCloud.Languages.Provider.IntegrationTests", "Tests\IntegrationTests\Sdl.Community.MTCloud.Languages.Provider.IntegrationTests\Sdl.Community.MTCloud.Languages.Provider.IntegrationTests.csproj", "{04B2AD4E-68AF-485F-8BE8-8B40E06A5561}"
EndProject
Project("{9A19103F-16F7-4668-BE54-9A1E7A4F7556}") = "Sdl.Community.MTCloud.Provider.UnitTests", "Tests\UnitTests\Sdl.Community.MTCloud.Provider.UnitTests\Sdl.Community.MTCloud.Provider.UnitTests.csproj", "{1D6B3478-0B2D-429B-B7D7-1F45CE7E4B05}"
EndProject
Project("{9A19103F-16F7-4668-BE54-9A1E7A4F7556}") = "Auth0Service", "Auth0Service\Auth0Service.csproj", "{62740C33-3280-49B5-9CEF-EA816B784B8F}"
EndProject
Project("{2150E333-8FDC-42A3-9474-1A3956D46DE8}") = "Assembly", "Assembly", "{A83238A7-7F88-4F81-9B46-ACD473F701C4}"
	ProjectSection(SolutionItems) = preProject
		SolutionInfo.cs = SolutionInfo.cs
	EndProjectSection
EndProject
Project("{9A19103F-16F7-4668-BE54-9A1E7A4F7556}") = "Sdl.Community.MTCloud.Languages.Provider", "SDLMTCloud.Languages.Provider\Sdl.Community.MTCloud.Languages.Provider.csproj", "{49E6CC36-D74F-45DF-BF12-40D8754B7BFD}"
EndProject
Global
	GlobalSection(SolutionConfigurationPlatforms) = preSolution
		Debug|Any CPU = Debug|Any CPU
		Release|Any CPU = Release|Any CPU
	EndGlobalSection
	GlobalSection(ProjectConfigurationPlatforms) = postSolution
		{C5C7E441-7416-47F3-A4B0-C20AEEC12ABF}.Debug|Any CPU.ActiveCfg = Debug|Any CPU
		{C5C7E441-7416-47F3-A4B0-C20AEEC12ABF}.Debug|Any CPU.Build.0 = Debug|Any CPU
		{C5C7E441-7416-47F3-A4B0-C20AEEC12ABF}.Release|Any CPU.ActiveCfg = Release|Any CPU
		{C5C7E441-7416-47F3-A4B0-C20AEEC12ABF}.Release|Any CPU.Build.0 = Release|Any CPU
		{04B2AD4E-68AF-485F-8BE8-8B40E06A5561}.Debug|Any CPU.ActiveCfg = Debug|Any CPU
		{04B2AD4E-68AF-485F-8BE8-8B40E06A5561}.Debug|Any CPU.Build.0 = Debug|Any CPU
		{04B2AD4E-68AF-485F-8BE8-8B40E06A5561}.Release|Any CPU.ActiveCfg = Release|Any CPU
		{04B2AD4E-68AF-485F-8BE8-8B40E06A5561}.Release|Any CPU.Build.0 = Release|Any CPU
		{1D6B3478-0B2D-429B-B7D7-1F45CE7E4B05}.Debug|Any CPU.ActiveCfg = Debug|Any CPU
		{1D6B3478-0B2D-429B-B7D7-1F45CE7E4B05}.Debug|Any CPU.Build.0 = Debug|Any CPU
		{1D6B3478-0B2D-429B-B7D7-1F45CE7E4B05}.Release|Any CPU.ActiveCfg = Release|Any CPU
		{1D6B3478-0B2D-429B-B7D7-1F45CE7E4B05}.Release|Any CPU.Build.0 = Release|Any CPU
		{62740C33-3280-49B5-9CEF-EA816B784B8F}.Debug|Any CPU.ActiveCfg = Debug|Any CPU
		{62740C33-3280-49B5-9CEF-EA816B784B8F}.Debug|Any CPU.Build.0 = Debug|Any CPU
		{62740C33-3280-49B5-9CEF-EA816B784B8F}.Release|Any CPU.ActiveCfg = Release|Any CPU
		{62740C33-3280-49B5-9CEF-EA816B784B8F}.Release|Any CPU.Build.0 = Release|Any CPU
		{49E6CC36-D74F-45DF-BF12-40D8754B7BFD}.Debug|Any CPU.ActiveCfg = Debug|Any CPU
		{49E6CC36-D74F-45DF-BF12-40D8754B7BFD}.Debug|Any CPU.Build.0 = Debug|Any CPU
		{49E6CC36-D74F-45DF-BF12-40D8754B7BFD}.Release|Any CPU.ActiveCfg = Release|Any CPU
		{49E6CC36-D74F-45DF-BF12-40D8754B7BFD}.Release|Any CPU.Build.0 = Release|Any CPU
	EndGlobalSection
	GlobalSection(SolutionProperties) = preSolution
		HideSolutionNode = FALSE
	EndGlobalSection
	GlobalSection(ExtensibilityGlobals) = postSolution
		SolutionGuid = {9701082D-D682-4276-BECF-B295729EB24F}
	EndGlobalSection
EndGlobal
