
Microsoft Visual Studio Solution File, Format Version 12.00
# Visual Studio Version 18
VisualStudioVersion = 18.7.11822.327 insiders
MinimumVisualStudioVersion = 10.0.40219.1
Project("{FAE04EC0-301F-11D3-BF4B-00C04F79EFBC}") = "LanguageWeaverProvider", "LanguageWeaverProvider.csproj", "{7A4BF1A0-446B-431E-9253-B0677CF113E5}"
EndProject
Project("{FAE04EC0-301F-11D3-BF4B-00C04F79EFBC}") = "LanguageWeaverProviderTests", "LanguageWeaverProviderTests\LanguageWeaverProviderTests.csproj", "{CE08BE02-AFBF-423C-BA20-EFA17D7B763C}"
EndProject
Global
	GlobalSection(SolutionConfigurationPlatforms) = preSolution
		Debug|Any CPU = Debug|Any CPU
		Release|Any CPU = Release|Any CPU
	EndGlobalSection
	GlobalSection(ProjectConfigurationPlatforms) = postSolution
		{7A4BF1A0-446B-431E-9253-B0677CF113E5}.Debug|Any CPU.ActiveCfg = Debug|Any CPU
		{7A4BF1A0-446B-431E-9253-B0677CF113E5}.Debug|Any CPU.Build.0 = Debug|Any CPU
		{7A4BF1A0-446B-431E-9253-B0677CF113E5}.Release|Any CPU.ActiveCfg = Release|Any CPU
		{7A4BF1A0-446B-431E-9253-B0677CF113E5}.Release|Any CPU.Build.0 = Release|Any CPU
		{CE08BE02-AFBF-423C-BA20-EFA17D7B763C}.Debug|Any CPU.ActiveCfg = Debug|Any CPU
		{CE08BE02-AFBF-423C-BA20-EFA17D7B763C}.Debug|Any CPU.Build.0 = Debug|Any CPU
		{CE08BE02-AFBF-423C-BA20-EFA17D7B763C}.Release|Any CPU.ActiveCfg = Release|Any CPU
		{CE08BE02-AFBF-423C-BA20-EFA17D7B763C}.Release|Any CPU.Build.0 = Release|Any CPU
	EndGlobalSection
	GlobalSection(SolutionProperties) = preSolution
		HideSolutionNode = FALSE
	EndGlobalSection
	GlobalSection(ExtensibilityGlobals) = postSolution
		SolutionGuid = {35EB3366-9281-4C1C-9E86-79E37F4CFB8F}
	EndGlobalSection
EndGlobal
