
Microsoft Visual Studio Solution File, Format Version 12.00
# Visual Studio 15
VisualStudioVersion = 15.0.26430.6
MinimumVisualStudioVersion = 10.0.40219.1
Project("{FAE04EC0-301F-11D3-BF4B-00C04F79EFBC}") = "Sdl.Community.DeepLMTProvider", "Sdl.Community.DeelLMTProvider\Sdl.Community.DeepLMTProvider.csproj", "{5BAEE9B8-1C76-4CA0-9921-4F3C82746A17}"
EndProject
Project("{FAE04EC0-301F-11D3-BF4B-00C04F79EFBC}") = "Sdl.Community.DeepLMTProvider.WPF", "Sdl.Community.DeepLMTProvider.WPF\Sdl.Community.DeepLMTProvider.WPF.csproj", "{B645E128-286D-49E4-BC45-8EC319AB9CAE}"
EndProject
Global
	GlobalSection(SolutionConfigurationPlatforms) = preSolution
		Debug|Any CPU = Debug|Any CPU
		Release|Any CPU = Release|Any CPU
	EndGlobalSection
	GlobalSection(ProjectConfigurationPlatforms) = postSolution
		{5BAEE9B8-1C76-4CA0-9921-4F3C82746A17}.Debug|Any CPU.ActiveCfg = Debug|Any CPU
		{5BAEE9B8-1C76-4CA0-9921-4F3C82746A17}.Debug|Any CPU.Build.0 = Debug|Any CPU
		{5BAEE9B8-1C76-4CA0-9921-4F3C82746A17}.Release|Any CPU.ActiveCfg = Release|Any CPU
		{5BAEE9B8-1C76-4CA0-9921-4F3C82746A17}.Release|Any CPU.Build.0 = Release|Any CPU
		{B645E128-286D-49E4-BC45-8EC319AB9CAE}.Debug|Any CPU.ActiveCfg = Debug|Any CPU
		{B645E128-286D-49E4-BC45-8EC319AB9CAE}.Debug|Any CPU.Build.0 = Debug|Any CPU
		{B645E128-286D-49E4-BC45-8EC319AB9CAE}.Release|Any CPU.ActiveCfg = Release|Any CPU
		{B645E128-286D-49E4-BC45-8EC319AB9CAE}.Release|Any CPU.Build.0 = Release|Any CPU
	EndGlobalSection
	GlobalSection(SolutionProperties) = preSolution
		HideSolutionNode = FALSE
	EndGlobalSection
	GlobalSection(ExtensibilityGlobals) = postSolution
		SolutionGuid = {267498F1-EADF-48A7-BF00-F32B534F6A10}
	EndGlobalSection
EndGlobal
