
Microsoft Visual Studio Solution File, Format Version 12.00
# Visual Studio Version 17
VisualStudioVersion = 17.6.33815.320
MinimumVisualStudioVersion = 10.0.40219.1
Project("{FAE04EC0-301F-11D3-BF4B-00C04F79EFBC}") = "StudioViews", "StudioViews\StudioViews.csproj", "{97D7CCCE-0311-4027-9BC0-E5ACC4EC7C48}"
EndProject
Project("{2150E333-8FDC-42A3-9474-1A3956D46DE8}") = "Tests", "Tests", "{3689CC5A-6712-4675-8631-55AEEA73B631}"
EndProject
Project("{2150E333-8FDC-42A3-9474-1A3956D46DE8}") = "UnitTests", "UnitTests", "{15BA58FE-6C12-41AC-9DD2-87458F2D5915}"
EndProject
Project("{FAE04EC0-301F-11D3-BF4B-00C04F79EFBC}") = "StudioViews.UnitTests", "Tests\UnitTests\StudioViews.UnitTests.csproj", "{A173E27A-4BC6-42B1-A3C1-1BFB2B933D98}"
EndProject
Global
	GlobalSection(SolutionConfigurationPlatforms) = preSolution
		Debug|Any CPU = Debug|Any CPU
		Release|Any CPU = Release|Any CPU
	EndGlobalSection
	GlobalSection(ProjectConfigurationPlatforms) = postSolution
		{97D7CCCE-0311-4027-9BC0-E5ACC4EC7C48}.Debug|Any CPU.ActiveCfg = Debug|Any CPU
		{97D7CCCE-0311-4027-9BC0-E5ACC4EC7C48}.Debug|Any CPU.Build.0 = Debug|Any CPU
		{97D7CCCE-0311-4027-9BC0-E5ACC4EC7C48}.Release|Any CPU.ActiveCfg = Release|Any CPU
		{97D7CCCE-0311-4027-9BC0-E5ACC4EC7C48}.Release|Any CPU.Build.0 = Release|Any CPU
		{A173E27A-4BC6-42B1-A3C1-1BFB2B933D98}.Debug|Any CPU.ActiveCfg = Debug|Any CPU
		{A173E27A-4BC6-42B1-A3C1-1BFB2B933D98}.Debug|Any CPU.Build.0 = Debug|Any CPU
		{A173E27A-4BC6-42B1-A3C1-1BFB2B933D98}.Release|Any CPU.ActiveCfg = Release|Any CPU
		{A173E27A-4BC6-42B1-A3C1-1BFB2B933D98}.Release|Any CPU.Build.0 = Release|Any CPU
	EndGlobalSection
	GlobalSection(SolutionProperties) = preSolution
		HideSolutionNode = FALSE
	EndGlobalSection
	GlobalSection(NestedProjects) = preSolution
		{15BA58FE-6C12-41AC-9DD2-87458F2D5915} = {3689CC5A-6712-4675-8631-55AEEA73B631}
		{A173E27A-4BC6-42B1-A3C1-1BFB2B933D98} = {15BA58FE-6C12-41AC-9DD2-87458F2D5915}
	EndGlobalSection
	GlobalSection(ExtensibilityGlobals) = postSolution
		SolutionGuid = {6AD96FB6-A6B2-4C1D-A9CF-7B3EA4DB9053}
	EndGlobalSection
EndGlobal
