
Microsoft Visual Studio Solution File, Format Version 12.00
# Visual Studio 15
VisualStudioVersion = 15.0.28307.421
MinimumVisualStudioVersion = 10.0.40219.1
Project("{FAE04EC0-301F-11D3-BF4B-00C04F79EFBC}") = "Sdl.Community.SdiViewer", "Sdl.Community.SdiViewer\Sdl.Community.SdiViewer.csproj", "{35B4E386-002D-41BF-8B20-43E758B8250A}"
EndProject
Global
	GlobalSection(SolutionConfigurationPlatforms) = preSolution
		Debug|Any CPU = Debug|Any CPU
		Release|Any CPU = Release|Any CPU
	EndGlobalSection
	GlobalSection(ProjectConfigurationPlatforms) = postSolution
		{35B4E386-002D-41BF-8B20-43E758B8250A}.Debug|Any CPU.ActiveCfg = Debug|Any CPU
		{35B4E386-002D-41BF-8B20-43E758B8250A}.Debug|Any CPU.Build.0 = Debug|Any CPU
		{35B4E386-002D-41BF-8B20-43E758B8250A}.Release|Any CPU.ActiveCfg = Release|Any CPU
		{35B4E386-002D-41BF-8B20-43E758B8250A}.Release|Any CPU.Build.0 = Release|Any CPU
	EndGlobalSection
	GlobalSection(SolutionProperties) = preSolution
		HideSolutionNode = FALSE
	EndGlobalSection
	GlobalSection(ExtensibilityGlobals) = postSolution
		SolutionGuid = {C0BDB26B-43C7-4602-8A2F-E6EDF6113F3A}
	EndGlobalSection
EndGlobal
