
Microsoft Visual Studio Solution File, Format Version 12.00
# Visual Studio 15
VisualStudioVersion = 15.0.28307.902
MinimumVisualStudioVersion = 10.0.40219.1
Project("{FAE04EC0-301F-11D3-BF4B-00C04F79EFBC}") = "Sdl.Community.GoogleApiValidator", "GoogleApiValidator\Sdl.Community.GoogleApiValidator.csproj", "{2DBA4D93-BCE3-4BDC-A020-757D707F68CF}"
EndProject
Global
	GlobalSection(SolutionConfigurationPlatforms) = preSolution
		Debug|Any CPU = Debug|Any CPU
		Release|Any CPU = Release|Any CPU
	EndGlobalSection
	GlobalSection(ProjectConfigurationPlatforms) = postSolution
		{2DBA4D93-BCE3-4BDC-A020-757D707F68CF}.Debug|Any CPU.ActiveCfg = Debug|Any CPU
		{2DBA4D93-BCE3-4BDC-A020-757D707F68CF}.Debug|Any CPU.Build.0 = Debug|Any CPU
		{2DBA4D93-BCE3-4BDC-A020-757D707F68CF}.Release|Any CPU.ActiveCfg = Release|Any CPU
		{2DBA4D93-BCE3-4BDC-A020-757D707F68CF}.Release|Any CPU.Build.0 = Release|Any CPU
	EndGlobalSection
	GlobalSection(SolutionProperties) = preSolution
		HideSolutionNode = FALSE
	EndGlobalSection
	GlobalSection(ExtensibilityGlobals) = postSolution
		SolutionGuid = {EE5E4911-99F3-475B-BA6F-1D5FA078C2EF}
	EndGlobalSection
EndGlobal
