
Microsoft Visual Studio Solution File, Format Version 12.00
# Visual Studio 15
VisualStudioVersion = 15.0.28307.902
MinimumVisualStudioVersion = 10.0.40219.1
Project("{FAE04EC0-301F-11D3-BF4B-00C04F79EFBC}") = "Sdl.Community.mtOrigin", "mtOrigin\Sdl.Community.mtOrigin.csproj", "{B1D02A4F-CE3A-4524-AECE-677395631CC0}"
EndProject
Global
	GlobalSection(SolutionConfigurationPlatforms) = preSolution
		Debug|Any CPU = Debug|Any CPU
		Release|Any CPU = Release|Any CPU
	EndGlobalSection
	GlobalSection(ProjectConfigurationPlatforms) = postSolution
		{B1D02A4F-CE3A-4524-AECE-677395631CC0}.Debug|Any CPU.ActiveCfg = Debug|Any CPU
		{B1D02A4F-CE3A-4524-AECE-677395631CC0}.Debug|Any CPU.Build.0 = Debug|Any CPU
		{B1D02A4F-CE3A-4524-AECE-677395631CC0}.Release|Any CPU.ActiveCfg = Release|Any CPU
		{B1D02A4F-CE3A-4524-AECE-677395631CC0}.Release|Any CPU.Build.0 = Release|Any CPU
	EndGlobalSection
	GlobalSection(SolutionProperties) = preSolution
		HideSolutionNode = FALSE
	EndGlobalSection
	GlobalSection(ExtensibilityGlobals) = postSolution
		SolutionGuid = {6F9EB790-B6BA-46D4-ACAE-DB0A4DA9ABA1}
	EndGlobalSection
EndGlobal
