
Microsoft Visual Studio Solution File, Format Version 12.00
# Visual Studio Version 16
VisualStudioVersion = 16.0.31410.357
MinimumVisualStudioVersion = 10.0.40219.1
Project("{FAE04EC0-301F-11D3-BF4B-00C04F79EFBC}") = "PreTranslateDeepLSample", "PreTranslateDeepLSample\PreTranslateDeepLSample.csproj", "{35228AB8-301F-4053-AFFA-B77FF280004B}"
EndProject
Global
	GlobalSection(SolutionConfigurationPlatforms) = preSolution
		Debug|Any CPU = Debug|Any CPU
		Release|Any CPU = Release|Any CPU
	EndGlobalSection
	GlobalSection(ProjectConfigurationPlatforms) = postSolution
		{35228AB8-301F-4053-AFFA-B77FF280004B}.Debug|Any CPU.ActiveCfg = Debug|Any CPU
		{35228AB8-301F-4053-AFFA-B77FF280004B}.Debug|Any CPU.Build.0 = Debug|Any CPU
		{35228AB8-301F-4053-AFFA-B77FF280004B}.Release|Any CPU.ActiveCfg = Release|Any CPU
		{35228AB8-301F-4053-AFFA-B77FF280004B}.Release|Any CPU.Build.0 = Release|Any CPU
	EndGlobalSection
	GlobalSection(SolutionProperties) = preSolution
		HideSolutionNode = FALSE
	EndGlobalSection
	GlobalSection(ExtensibilityGlobals) = postSolution
		SolutionGuid = {5921161C-E35D-4E42-903B-7882FBD2C9A2}
	EndGlobalSection
EndGlobal
