
Microsoft Visual Studio Solution File, Format Version 12.00
# Visual Studio Version 16
VisualStudioVersion = 16.0.31624.102
MinimumVisualStudioVersion = 10.0.40219.1
Project("{FAE04EC0-301F-11D3-BF4B-00C04F79EFBC}") = "ApplyPerfectMatch", "SDL Trados Studio1\ApplyPerfectMatch.csproj", "{A883457F-7B0F-4289-9DA9-A3CA58BCA012}"
EndProject
Global
	GlobalSection(SolutionConfigurationPlatforms) = preSolution
		Debug|Any CPU = Debug|Any CPU
		Release|Any CPU = Release|Any CPU
	EndGlobalSection
	GlobalSection(ProjectConfigurationPlatforms) = postSolution
		{A883457F-7B0F-4289-9DA9-A3CA58BCA012}.Debug|Any CPU.ActiveCfg = Debug|Any CPU
		{A883457F-7B0F-4289-9DA9-A3CA58BCA012}.Debug|Any CPU.Build.0 = Debug|Any CPU
		{A883457F-7B0F-4289-9DA9-A3CA58BCA012}.Release|Any CPU.ActiveCfg = Release|Any CPU
		{A883457F-7B0F-4289-9DA9-A3CA58BCA012}.Release|Any CPU.Build.0 = Release|Any CPU
	EndGlobalSection
	GlobalSection(SolutionProperties) = preSolution
		HideSolutionNode = FALSE
	EndGlobalSection
	GlobalSection(ExtensibilityGlobals) = postSolution
		SolutionGuid = {3A4FFA6B-31A4-4167-84C1-E13985A53E9E}
	EndGlobalSection
EndGlobal
