
Microsoft Visual Studio Solution File, Format Version 12.00
# Visual Studio Version 16
VisualStudioVersion = 16.0.31112.23
MinimumVisualStudioVersion = 10.0.40219.1
Project("{9A19103F-16F7-4668-BE54-9A1E7A4F7556}") = "Trados.TargetRenamer", "Trados.TargetRenamer\Trados.TargetRenamer.csproj", "{C8204BDA-CC0B-472C-8F4E-26E15B3E06D0}"
EndProject
Global
	GlobalSection(SolutionConfigurationPlatforms) = preSolution
		Debug|Any CPU = Debug|Any CPU
		Release|Any CPU = Release|Any CPU
	EndGlobalSection
	GlobalSection(ProjectConfigurationPlatforms) = postSolution
		{C8204BDA-CC0B-472C-8F4E-26E15B3E06D0}.Debug|Any CPU.ActiveCfg = Debug|Any CPU
		{C8204BDA-CC0B-472C-8F4E-26E15B3E06D0}.Debug|Any CPU.Build.0 = Debug|Any CPU
		{C8204BDA-CC0B-472C-8F4E-26E15B3E06D0}.Release|Any CPU.ActiveCfg = Release|Any CPU
		{C8204BDA-CC0B-472C-8F4E-26E15B3E06D0}.Release|Any CPU.Build.0 = Release|Any CPU
	EndGlobalSection
	GlobalSection(SolutionProperties) = preSolution
		HideSolutionNode = FALSE
	EndGlobalSection
	GlobalSection(ExtensibilityGlobals) = postSolution
		SolutionGuid = {58BBE781-C9F5-4244-9399-86CC4209B583}
	EndGlobalSection
EndGlobal
