
Microsoft Visual Studio Solution File, Format Version 12.00
# Visual Studio 15
VisualStudioVersion = 15.0.28307.421
MinimumVisualStudioVersion = 10.0.40219.1
Project("{FAE04EC0-301F-11D3-BF4B-00C04F79EFBC}") = "StudioStyles", "StudioStyles\StudioStyles.csproj", "{AF3CF1F7-8E8E-487D-BDE3-330D5590A97C}"
EndProject
Global
	GlobalSection(SolutionConfigurationPlatforms) = preSolution
		Debug|Any CPU = Debug|Any CPU
		Release|Any CPU = Release|Any CPU
	EndGlobalSection
	GlobalSection(ProjectConfigurationPlatforms) = postSolution
		{AF3CF1F7-8E8E-487D-BDE3-330D5590A97C}.Debug|Any CPU.ActiveCfg = Debug|Any CPU
		{AF3CF1F7-8E8E-487D-BDE3-330D5590A97C}.Debug|Any CPU.Build.0 = Debug|Any CPU
		{AF3CF1F7-8E8E-487D-BDE3-330D5590A97C}.Release|Any CPU.ActiveCfg = Release|Any CPU
		{AF3CF1F7-8E8E-487D-BDE3-330D5590A97C}.Release|Any CPU.Build.0 = Release|Any CPU
	EndGlobalSection
	GlobalSection(SolutionProperties) = preSolution
		HideSolutionNode = FALSE
	EndGlobalSection
	GlobalSection(ExtensibilityGlobals) = postSolution
		SolutionGuid = {56B8B28F-262B-45A4-9621-187FAE39E14B}
	EndGlobalSection
EndGlobal
