
Microsoft Visual Studio Solution File, Format Version 12.00
# Visual Studio Version 17
VisualStudioVersion = 17.5.33516.290
MinimumVisualStudioVersion = 10.0.40219.1
Project("{9A19103F-16F7-4668-BE54-9A1E7A4F7556}") = "LanguageMappingProvider", "LanguageMappingProvider.csproj", "{5FECAF6D-2B3C-4852-952E-AB389776F5B7}"
EndProject
Project("{9A19103F-16F7-4668-BE54-9A1E7A4F7556}") = "LanguageMappingProviderFacts.Tests", "..\LanguageMappingProviderFacts.Tests\LanguageMappingProviderFacts.Tests.csproj", "{F777C386-C701-4C18-AE73-92BF0AC893AF}"
EndProject
Global
	GlobalSection(SolutionConfigurationPlatforms) = preSolution
		Debug|Any CPU = Debug|Any CPU
		Release|Any CPU = Release|Any CPU
	EndGlobalSection
	GlobalSection(ProjectConfigurationPlatforms) = postSolution
		{5FECAF6D-2B3C-4852-952E-AB389776F5B7}.Debug|Any CPU.ActiveCfg = Debug|Any CPU
		{5FECAF6D-2B3C-4852-952E-AB389776F5B7}.Debug|Any CPU.Build.0 = Debug|Any CPU
		{5FECAF6D-2B3C-4852-952E-AB389776F5B7}.Release|Any CPU.ActiveCfg = Release|Any CPU
		{5FECAF6D-2B3C-4852-952E-AB389776F5B7}.Release|Any CPU.Build.0 = Release|Any CPU
		{F777C386-C701-4C18-AE73-92BF0AC893AF}.Debug|Any CPU.ActiveCfg = Debug|Any CPU
		{F777C386-C701-4C18-AE73-92BF0AC893AF}.Debug|Any CPU.Build.0 = Debug|Any CPU
		{F777C386-C701-4C18-AE73-92BF0AC893AF}.Release|Any CPU.ActiveCfg = Release|Any CPU
		{F777C386-C701-4C18-AE73-92BF0AC893AF}.Release|Any CPU.Build.0 = Release|Any CPU
	EndGlobalSection
	GlobalSection(SolutionProperties) = preSolution
		HideSolutionNode = FALSE
	EndGlobalSection
	GlobalSection(ExtensibilityGlobals) = postSolution
		SolutionGuid = {59D4FD4B-7E97-4D8F-B464-0EDDFE079D94}
	EndGlobalSection
EndGlobal
