
Microsoft Visual Studio Solution File, Format Version 12.00
# Visual Studio Version 16
VisualStudioVersion = 16.0.31313.79
MinimumVisualStudioVersion = 10.0.40219.1
Project("{FAE04EC0-301F-11D3-BF4B-00C04F79EFBC}") = "GlobalVerifierSample", "GlobalVerifierSample.csproj", "{A8EDC44E-86E4-4D96-B31C-497C831B6E96}"
EndProject
Global
	GlobalSection(SolutionConfigurationPlatforms) = preSolution
		Debug|Any CPU = Debug|Any CPU
		Release|Any CPU = Release|Any CPU
	EndGlobalSection
	GlobalSection(ProjectConfigurationPlatforms) = postSolution
		{A8EDC44E-86E4-4D96-B31C-497C831B6E96}.Debug|Any CPU.ActiveCfg = Debug|Any CPU
		{A8EDC44E-86E4-4D96-B31C-497C831B6E96}.Debug|Any CPU.Build.0 = Debug|Any CPU
		{A8EDC44E-86E4-4D96-B31C-497C831B6E96}.Release|Any CPU.ActiveCfg = Release|Any CPU
		{A8EDC44E-86E4-4D96-B31C-497C831B6E96}.Release|Any CPU.Build.0 = Release|Any CPU
	EndGlobalSection
	GlobalSection(SolutionProperties) = preSolution
		HideSolutionNode = FALSE
	EndGlobalSection
	GlobalSection(ExtensibilityGlobals) = postSolution
		SolutionGuid = {E5B7B1D2-B9EA-4EBF-88AD-148B83A66D5E}
	EndGlobalSection
EndGlobal
