
Microsoft Visual Studio Solution File, Format Version 12.00
# Visual Studio 2013
VisualStudioVersion = 12.0.31101.0
MinimumVisualStudioVersion = 10.0.40219.1
Project("{FAE04EC0-301F-11D3-BF4B-00C04F79EFBC}") = "Sdl.Community.FileTypeSupport.TXML", "Sdl.Community.FileTypeSupport.TXML.csproj", "{5617D5CC-88D8-44D0-9431-CF963A39DCEE}"
EndProject
Project("{2150E333-8FDC-42A3-9474-1A3956D46DE8}") = "Sample Files", "Sample Files", "{9017DB20-B1E7-49FC-BFC8-33AA3C078828}"
	ProjectSection(SolutionItems) = preProject
		Sample Files1\#1_wordfast_test.docx.txml = Sample Files1\#1_wordfast_test.docx.txml
		Sample Files1\01.txml = Sample Files1\01.txml
		Sample Files1\answering_machine.pptx.txml = Sample Files1\answering_machine.pptx.txml
		Sample Files1\Configuration.docx.txml = Sample Files1\Configuration.docx.txml
		Sample Files1\Language_Support.docx.txml = Sample Files1\Language_Support.docx.txml
		Sample Files1\New_Features.pptx.txml = Sample Files1\New_Features.pptx.txml
		Sample Files1\paul.txml = Sample Files1\paul.txml
	EndProjectSection
EndProject
Global
	GlobalSection(SolutionConfigurationPlatforms) = preSolution
		Debug|Any CPU = Debug|Any CPU
		Release|Any CPU = Release|Any CPU
	EndGlobalSection
	GlobalSection(ProjectConfigurationPlatforms) = postSolution
		{5617D5CC-88D8-44D0-9431-CF963A39DCEE}.Debug|Any CPU.ActiveCfg = Debug|Any CPU
		{5617D5CC-88D8-44D0-9431-CF963A39DCEE}.Debug|Any CPU.Build.0 = Debug|Any CPU
		{5617D5CC-88D8-44D0-9431-CF963A39DCEE}.Release|Any CPU.ActiveCfg = Release|Any CPU
		{5617D5CC-88D8-44D0-9431-CF963A39DCEE}.Release|Any CPU.Build.0 = Release|Any CPU
	EndGlobalSection
	GlobalSection(SolutionProperties) = preSolution
		HideSolutionNode = FALSE
	EndGlobalSection
EndGlobal
