
Microsoft Visual Studio Solution File, Format Version 12.00
# Visual Studio Version 16
VisualStudioVersion = 16.0.29905.134
MinimumVisualStudioVersion = 10.0.40219.1
Project("{FAE04EC0-301F-11D3-BF4B-00C04F79EFBC}") = "ExportAnalysisReports", "ExportAnalysisReports\ExportAnalysisReports.csproj", "{1367B500-D398-4085-BD50-79C2D49B6C3E}"
EndProject
Global
	GlobalSection(SolutionConfigurationPlatforms) = preSolution
		Debug|Any CPU = Debug|Any CPU
		Release|Any CPU = Release|Any CPU
	EndGlobalSection
	GlobalSection(ProjectConfigurationPlatforms) = postSolution
		{1367B500-D398-4085-BD50-79C2D49B6C3E}.Debug|Any CPU.ActiveCfg = Debug|Any CPU
		{1367B500-D398-4085-BD50-79C2D49B6C3E}.Debug|Any CPU.Build.0 = Debug|Any CPU
		{1367B500-D398-4085-BD50-79C2D49B6C3E}.Release|Any CPU.ActiveCfg = Release|Any CPU
		{1367B500-D398-4085-BD50-79C2D49B6C3E}.Release|Any CPU.Build.0 = Release|Any CPU
	EndGlobalSection
	GlobalSection(SolutionProperties) = preSolution
		HideSolutionNode = FALSE
	EndGlobalSection
	GlobalSection(ExtensibilityGlobals) = postSolution
		SolutionGuid = {3C6FE59B-C70E-40DB-9382-5D7978F992F0}
	EndGlobalSection
EndGlobal
