
Microsoft Visual Studio Solution File, Format Version 12.00
# Visual Studio Version 16
VisualStudioVersion = 16.0.28803.156
MinimumVisualStudioVersion = 10.0.40219.1
Project("{FAE04EC0-301F-11D3-BF4B-00C04F79EFBC}") = "ETSTranslationProvider2017", "ETSTranslationProvider\Trados2017_Plugin\ETSTranslationProvider2017.csproj", "{5DF3208A-65A1-4988-B997-C361FC9C5A0A}"
	ProjectSection(ProjectDependencies) = postProject
		{CEBE84EB-A630-4957-B93A-3B60456B5FB7} = {CEBE84EB-A630-4957-B93A-3B60456B5FB7}
	EndProjectSection
EndProject
Project("{FAE04EC0-301F-11D3-BF4B-00C04F79EFBC}") = "TradosPluginTests2017", "TradosPluginTests\Trados2017_Plugin\TradosPluginTests2017.csproj", "{56A97DE3-02E3-4A34-97C1-6B9F62A567D4}"
EndProject
Project("{FAE04EC0-301F-11D3-BF4B-00C04F79EFBC}") = "ETSLPConverter", "ETSLPConverter\ETSLPConverter.csproj", "{CEBE84EB-A630-4957-B93A-3B60456B5FB7}"
EndProject
Project("{2150E333-8FDC-42A3-9474-1A3956D46DE8}") = "Trados2017_Plugin", "Trados2017_Plugin", "{7D7458FA-4F4B-49BD-B486-8875CAB1B322}"
EndProject
Global
	GlobalSection(SolutionConfigurationPlatforms) = preSolution
		Debug|Any CPU = Debug|Any CPU
		Release|Any CPU = Release|Any CPU
	EndGlobalSection
	GlobalSection(ProjectConfigurationPlatforms) = postSolution
		{5DF3208A-65A1-4988-B997-C361FC9C5A0A}.Debug|Any CPU.ActiveCfg = Debug|Any CPU
		{5DF3208A-65A1-4988-B997-C361FC9C5A0A}.Debug|Any CPU.Build.0 = Debug|Any CPU
		{5DF3208A-65A1-4988-B997-C361FC9C5A0A}.Release|Any CPU.ActiveCfg = Release|Any CPU
		{5DF3208A-65A1-4988-B997-C361FC9C5A0A}.Release|Any CPU.Build.0 = Release|Any CPU
		{56A97DE3-02E3-4A34-97C1-6B9F62A567D4}.Debug|Any CPU.ActiveCfg = Debug|Any CPU
		{56A97DE3-02E3-4A34-97C1-6B9F62A567D4}.Debug|Any CPU.Build.0 = Debug|Any CPU
		{56A97DE3-02E3-4A34-97C1-6B9F62A567D4}.Release|Any CPU.ActiveCfg = Release|Any CPU
		{56A97DE3-02E3-4A34-97C1-6B9F62A567D4}.Release|Any CPU.Build.0 = Release|Any CPU
		{CEBE84EB-A630-4957-B93A-3B60456B5FB7}.Debug|Any CPU.ActiveCfg = Debug|Any CPU
		{CEBE84EB-A630-4957-B93A-3B60456B5FB7}.Debug|Any CPU.Build.0 = Debug|Any CPU
		{CEBE84EB-A630-4957-B93A-3B60456B5FB7}.Release|Any CPU.ActiveCfg = Release|Any CPU
		{CEBE84EB-A630-4957-B93A-3B60456B5FB7}.Release|Any CPU.Build.0 = Release|Any CPU
	EndGlobalSection
	GlobalSection(SolutionProperties) = preSolution
		HideSolutionNode = FALSE
	EndGlobalSection
	GlobalSection(NestedProjects) = preSolution
		{5DF3208A-65A1-4988-B997-C361FC9C5A0A} = {7D7458FA-4F4B-49BD-B486-8875CAB1B322}
		{56A97DE3-02E3-4A34-97C1-6B9F62A567D4} = {7D7458FA-4F4B-49BD-B486-8875CAB1B322}
	EndGlobalSection
	GlobalSection(ExtensibilityGlobals) = postSolution
		SolutionGuid = {3F87FD92-A0CE-4B61-92BA-DDA1FB5060FD}
	EndGlobalSection
EndGlobal
