
Microsoft Visual Studio Solution File, Format Version 12.00
# Visual Studio 15
VisualStudioVersion = 15.0.28307.852
MinimumVisualStudioVersion = 10.0.40219.1
Project("{FAE04EC0-301F-11D3-BF4B-00C04F79EFBC}") = "Sdl.LanguagePlatform.MTConnectors.Google", "MTConnectors.Google\Sdl.LanguagePlatform.MTConnectors.Google.csproj", "{61380C37-E481-4DE0-9C93-5C46A1525332}"
EndProject
Project("{FAE04EC0-301F-11D3-BF4B-00C04F79EFBC}") = "Sdl.Desktop.UnitTests", "Tests\UnitTests\Sdl.Desktop.UnitTests\Sdl.Desktop.UnitTests.csproj", "{401F8BA8-7F1E-4878-8E0F-90E0329981F1}"
EndProject
Global
	GlobalSection(SolutionConfigurationPlatforms) = preSolution
		Debug|Any CPU = Debug|Any CPU
		Release|Any CPU = Release|Any CPU
	EndGlobalSection
	GlobalSection(ProjectConfigurationPlatforms) = postSolution
		{61380C37-E481-4DE0-9C93-5C46A1525332}.Debug|Any CPU.ActiveCfg = Debug|Any CPU
		{61380C37-E481-4DE0-9C93-5C46A1525332}.Debug|Any CPU.Build.0 = Debug|Any CPU
		{61380C37-E481-4DE0-9C93-5C46A1525332}.Release|Any CPU.ActiveCfg = Release|Any CPU
		{61380C37-E481-4DE0-9C93-5C46A1525332}.Release|Any CPU.Build.0 = Release|Any CPU
		{401F8BA8-7F1E-4878-8E0F-90E0329981F1}.Debug|Any CPU.ActiveCfg = Debug|Any CPU
		{401F8BA8-7F1E-4878-8E0F-90E0329981F1}.Debug|Any CPU.Build.0 = Debug|Any CPU
		{401F8BA8-7F1E-4878-8E0F-90E0329981F1}.Release|Any CPU.ActiveCfg = Release|Any CPU
		{401F8BA8-7F1E-4878-8E0F-90E0329981F1}.Release|Any CPU.Build.0 = Release|Any CPU
	EndGlobalSection
	GlobalSection(SolutionProperties) = preSolution
		HideSolutionNode = FALSE
	EndGlobalSection
	GlobalSection(ExtensibilityGlobals) = postSolution
		SolutionGuid = {4FEEC9C0-3941-47D5-916C-3273880BE3D0}
	EndGlobalSection
EndGlobal
