
Microsoft Visual Studio Solution File, Format Version 12.00
# Visual Studio 15
VisualStudioVersion = 15.0.27130.2027
MinimumVisualStudioVersion = 10.0.40219.1
Project("{FAE04EC0-301F-11D3-BF4B-00C04F79EFBC}") = "Sdl.Community.Trados2007", "Trados2007\Sdl.Community.Trados2007.csproj", "{98F533A7-1C66-4B0B-86BA-6AFE4F4FC262}"
EndProject
Project("{2150E333-8FDC-42A3-9474-1A3956D46DE8}") = "Docs", "Docs", "{41060554-8FD6-4F71-ACFA-E5736ABA1096}"
	ProjectSection(SolutionItems) = preProject
		Docs\Trados2007TP.vsd = Docs\Trados2007TP.vsd
	EndProjectSection
EndProject
Project("{FAE04EC0-301F-11D3-BF4B-00C04F79EFBC}") = "Sdl.Community,Trados2007.UnitTests", "Trados2007.UnitTests\Sdl.Community,Trados2007.UnitTests.csproj", "{DFFFF84A-67E1-472C-8C9C-9A143DEDF02B}"
EndProject
Project("{2150E333-8FDC-42A3-9474-1A3956D46DE8}") = "Solution Items", "Solution Items", "{A37122DD-5A16-492F-A346-0CA0A20038A1}"
	ProjectSection(SolutionItems) = preProject
		Local.testsettings = Local.testsettings
		TraceAndTestImpact.testsettings = TraceAndTestImpact.testsettings
		Trados2007.vsmdi = Trados2007.vsmdi
	EndProjectSection
EndProject
Global
	GlobalSection(SolutionConfigurationPlatforms) = preSolution
		Debug|Any CPU = Debug|Any CPU
		Debug|Mixed Platforms = Debug|Mixed Platforms
		Debug|x86 = Debug|x86
		Release|Any CPU = Release|Any CPU
		Release|Mixed Platforms = Release|Mixed Platforms
		Release|x86 = Release|x86
	EndGlobalSection
	GlobalSection(ProjectConfigurationPlatforms) = postSolution
		{98F533A7-1C66-4B0B-86BA-6AFE4F4FC262}.Debug|Any CPU.ActiveCfg = Debug|Any CPU
		{98F533A7-1C66-4B0B-86BA-6AFE4F4FC262}.Debug|Any CPU.Build.0 = Debug|Any CPU
		{98F533A7-1C66-4B0B-86BA-6AFE4F4FC262}.Debug|Mixed Platforms.ActiveCfg = Debug|Any CPU
		{98F533A7-1C66-4B0B-86BA-6AFE4F4FC262}.Debug|Mixed Platforms.Build.0 = Debug|Any CPU
		{98F533A7-1C66-4B0B-86BA-6AFE4F4FC262}.Debug|x86.ActiveCfg = Debug|Any CPU
		{98F533A7-1C66-4B0B-86BA-6AFE4F4FC262}.Release|Any CPU.ActiveCfg = Release|Any CPU
		{98F533A7-1C66-4B0B-86BA-6AFE4F4FC262}.Release|Any CPU.Build.0 = Release|Any CPU
		{98F533A7-1C66-4B0B-86BA-6AFE4F4FC262}.Release|Mixed Platforms.ActiveCfg = Release|Any CPU
		{98F533A7-1C66-4B0B-86BA-6AFE4F4FC262}.Release|Mixed Platforms.Build.0 = Release|Any CPU
		{98F533A7-1C66-4B0B-86BA-6AFE4F4FC262}.Release|x86.ActiveCfg = Release|Any CPU
		{DFFFF84A-67E1-472C-8C9C-9A143DEDF02B}.Debug|Any CPU.ActiveCfg = Debug|Any CPU
		{DFFFF84A-67E1-472C-8C9C-9A143DEDF02B}.Debug|Any CPU.Build.0 = Debug|Any CPU
		{DFFFF84A-67E1-472C-8C9C-9A143DEDF02B}.Debug|Mixed Platforms.ActiveCfg = Debug|Any CPU
		{DFFFF84A-67E1-472C-8C9C-9A143DEDF02B}.Debug|Mixed Platforms.Build.0 = Debug|Any CPU
		{DFFFF84A-67E1-472C-8C9C-9A143DEDF02B}.Debug|x86.ActiveCfg = Debug|Any CPU
		{DFFFF84A-67E1-472C-8C9C-9A143DEDF02B}.Release|Any CPU.ActiveCfg = Release|Any CPU
		{DFFFF84A-67E1-472C-8C9C-9A143DEDF02B}.Release|Any CPU.Build.0 = Release|Any CPU
		{DFFFF84A-67E1-472C-8C9C-9A143DEDF02B}.Release|Mixed Platforms.ActiveCfg = Release|Any CPU
		{DFFFF84A-67E1-472C-8C9C-9A143DEDF02B}.Release|Mixed Platforms.Build.0 = Release|Any CPU
		{DFFFF84A-67E1-472C-8C9C-9A143DEDF02B}.Release|x86.ActiveCfg = Release|Any CPU
	EndGlobalSection
	GlobalSection(SolutionProperties) = preSolution
		HideSolutionNode = FALSE
	EndGlobalSection
	GlobalSection(ExtensibilityGlobals) = postSolution
		SolutionGuid = {6578C0EB-E0E9-476F-98BC-830EFE2FDD3E}
	EndGlobalSection
EndGlobal
