
Microsoft Visual Studio Solution File, Format Version 12.00
# Visual Studio 15
VisualStudioVersion = 15.0.27703.2035
MinimumVisualStudioVersion = 10.0.40219.1
Project("{FAE04EC0-301F-11D3-BF4B-00C04F79EFBC}") = "Sdl.Community.ProjectTerms.Plugin", "Sdl.Community.ProjectTerms.Plugin\Sdl.Community.ProjectTerms.Plugin.csproj", "{1CBF7231-A95E-43A5-942E-49D3A9C99D4A}"
EndProject
Project("{FAE04EC0-301F-11D3-BF4B-00C04F79EFBC}") = "Sdl.Community.ProjectTerms.Controls", "Sdl.Community.ProjectTerms.Controls\Sdl.Community.ProjectTerms.Controls.csproj", "{154A450E-3D19-42D3-AE88-E059729F647D}"
EndProject
Project("{FAE04EC0-301F-11D3-BF4B-00C04F79EFBC}") = "Sdl.Community.ProjectTerms.Telemetry", "Sdl.Community.ProjectTerms.Telemetry\Sdl.Community.ProjectTerms.Telemetry.csproj", "{51E1B5AE-EB8D-4507-BCF1-CB3A2B7F1C41}"
EndProject
Global
	GlobalSection(SolutionConfigurationPlatforms) = preSolution
		Debug|Any CPU = Debug|Any CPU
		Release|Any CPU = Release|Any CPU
	EndGlobalSection
	GlobalSection(ProjectConfigurationPlatforms) = postSolution
		{1CBF7231-A95E-43A5-942E-49D3A9C99D4A}.Debug|Any CPU.ActiveCfg = Debug|Any CPU
		{1CBF7231-A95E-43A5-942E-49D3A9C99D4A}.Debug|Any CPU.Build.0 = Debug|Any CPU
		{1CBF7231-A95E-43A5-942E-49D3A9C99D4A}.Release|Any CPU.ActiveCfg = Release|Any CPU
		{1CBF7231-A95E-43A5-942E-49D3A9C99D4A}.Release|Any CPU.Build.0 = Release|Any CPU
		{154A450E-3D19-42D3-AE88-E059729F647D}.Debug|Any CPU.ActiveCfg = Debug|Any CPU
		{154A450E-3D19-42D3-AE88-E059729F647D}.Debug|Any CPU.Build.0 = Debug|Any CPU
		{154A450E-3D19-42D3-AE88-E059729F647D}.Release|Any CPU.ActiveCfg = Release|Any CPU
		{154A450E-3D19-42D3-AE88-E059729F647D}.Release|Any CPU.Build.0 = Release|Any CPU
		{51E1B5AE-EB8D-4507-BCF1-CB3A2B7F1C41}.Debug|Any CPU.ActiveCfg = Debug|Any CPU
		{51E1B5AE-EB8D-4507-BCF1-CB3A2B7F1C41}.Debug|Any CPU.Build.0 = Debug|Any CPU
		{51E1B5AE-EB8D-4507-BCF1-CB3A2B7F1C41}.Release|Any CPU.ActiveCfg = Release|Any CPU
		{51E1B5AE-EB8D-4507-BCF1-CB3A2B7F1C41}.Release|Any CPU.Build.0 = Release|Any CPU
	EndGlobalSection
	GlobalSection(SolutionProperties) = preSolution
		HideSolutionNode = FALSE
	EndGlobalSection
	GlobalSection(ExtensibilityGlobals) = postSolution
		SolutionGuid = {6FAC0C61-05D4-4E9E-897B-6A9A744B696D}
	EndGlobalSection
EndGlobal
