Microsoft Visual Studio Solution File, Format Version 12.00
# Visual Studio Version 17
VisualStudioVersion = 17.5.2.0
MinimumVisualStudioVersion = 10.0.40219.1
Project("{FAE04EC0-301F-11D3-BF4B-00C04F79EFBC}") = "QATracker", "QATracker.csproj", "{2196C59C-0C10-6BC1-33BA-AB27D433880F}"
EndProject
Global
	GlobalSection(SolutionConfigurationPlatforms) = preSolution
		Debug|Any CPU = Debug|Any CPU
		Release|Any CPU = Release|Any CPU
	EndGlobalSection
	GlobalSection(ProjectConfigurationPlatforms) = postSolution
		{2196C59C-0C10-6BC1-33BA-AB27D433880F}.Debug|Any CPU.ActiveCfg = Debug|Any CPU
		{2196C59C-0C10-6BC1-33BA-AB27D433880F}.Debug|Any CPU.Build.0 = Debug|Any CPU
		{2196C59C-0C10-6BC1-33BA-AB27D433880F}.Release|Any CPU.ActiveCfg = Release|Any CPU
		{2196C59C-0C10-6BC1-33BA-AB27D433880F}.Release|Any CPU.Build.0 = Release|Any CPU
	EndGlobalSection
	GlobalSection(SolutionProperties) = preSolution
		HideSolutionNode = FALSE
	EndGlobalSection
	GlobalSection(ExtensibilityGlobals) = postSolution
		SolutionGuid = {886B94C5-4097-4EF8-A0CB-DBEC225F9CAE}
	EndGlobalSection
EndGlobal
