
Microsoft Visual Studio Solution File, Format Version 12.00
# Visual Studio Version 16
VisualStudioVersion = 16.0.29905.134
MinimumVisualStudioVersion = 10.0.40219.1
Project("{FAE04EC0-301F-11D3-BF4B-00C04F79EFBC}") = "WinFormControlLoading", "WinFormControlLoading.csproj", "{4F9B8F03-9839-4DCE-8B80-A6EBE365C9C0}"
EndProject
Global
	GlobalSection(SolutionConfigurationPlatforms) = preSolution
		Debug|Any CPU = Debug|Any CPU
		Release|Any CPU = Release|Any CPU
	EndGlobalSection
	GlobalSection(ProjectConfigurationPlatforms) = postSolution
		{4F9B8F03-9839-4DCE-8B80-A6EBE365C9C0}.Debug|Any CPU.ActiveCfg = Debug|Any CPU
		{4F9B8F03-9839-4DCE-8B80-A6EBE365C9C0}.Debug|Any CPU.Build.0 = Debug|Any CPU
		{4F9B8F03-9839-4DCE-8B80-A6EBE365C9C0}.Release|Any CPU.ActiveCfg = Release|Any CPU
		{4F9B8F03-9839-4DCE-8B80-A6EBE365C9C0}.Release|Any CPU.Build.0 = Release|Any CPU
	EndGlobalSection
	GlobalSection(SolutionProperties) = preSolution
		HideSolutionNode = FALSE
	EndGlobalSection
	GlobalSection(ExtensibilityGlobals) = postSolution
		SolutionGuid = {1DC2413D-F61D-488A-9EF2-980A968D51A5}
	EndGlobalSection
EndGlobal
