
Microsoft Visual Studio Solution File, Format Version 12.00
# Visual Studio 15
VisualStudioVersion = 15.0.27703.2035
MinimumVisualStudioVersion = 10.0.40219.1
Project("{FAE04EC0-301F-11D3-BF4B-00C04F79EFBC}") = "VariablesManager", "VariablesManager\VariablesManager.csproj", "{42FE4375-BE4E-4EA4-BABA-BB551AAC172D}"
EndProject
Global
	GlobalSection(SolutionConfigurationPlatforms) = preSolution
		CD_ROM|Any CPU = CD_ROM|Any CPU
		Debug|Any CPU = Debug|Any CPU
		DVD-5|Any CPU = DVD-5|Any CPU
		Release|Any CPU = Release|Any CPU
		SingleImage|Any CPU = SingleImage|Any CPU
	EndGlobalSection
	GlobalSection(ProjectConfigurationPlatforms) = postSolution
		{42FE4375-BE4E-4EA4-BABA-BB551AAC172D}.CD_ROM|Any CPU.ActiveCfg = Release|Any CPU
		{42FE4375-BE4E-4EA4-BABA-BB551AAC172D}.CD_ROM|Any CPU.Build.0 = Release|Any CPU
		{42FE4375-BE4E-4EA4-BABA-BB551AAC172D}.Debug|Any CPU.ActiveCfg = Debug|Any CPU
		{42FE4375-BE4E-4EA4-BABA-BB551AAC172D}.Debug|Any CPU.Build.0 = Debug|Any CPU
		{42FE4375-BE4E-4EA4-BABA-BB551AAC172D}.DVD-5|Any CPU.ActiveCfg = Debug|Any CPU
		{42FE4375-BE4E-4EA4-BABA-BB551AAC172D}.DVD-5|Any CPU.Build.0 = Debug|Any CPU
		{42FE4375-BE4E-4EA4-BABA-BB551AAC172D}.Release|Any CPU.ActiveCfg = Release|Any CPU
		{42FE4375-BE4E-4EA4-BABA-BB551AAC172D}.Release|Any CPU.Build.0 = Release|Any CPU
		{42FE4375-BE4E-4EA4-BABA-BB551AAC172D}.SingleImage|Any CPU.ActiveCfg = Release|Any CPU
		{42FE4375-BE4E-4EA4-BABA-BB551AAC172D}.SingleImage|Any CPU.Build.0 = Release|Any CPU
	EndGlobalSection
	GlobalSection(SolutionProperties) = preSolution
		HideSolutionNode = FALSE
	EndGlobalSection
	GlobalSection(ExtensibilityGlobals) = postSolution
		SolutionGuid = {9D0FA5AF-307D-48C7-81C0-162A550A51DB}
	EndGlobalSection
EndGlobal
