
Microsoft Visual Studio Solution File, Format Version 12.00
# Visual Studio 15
VisualStudioVersion = 15.0.28010.2046
MinimumVisualStudioVersion = 10.0.40219.1
Project("{FAE04EC0-301F-11D3-BF4B-00C04F79EFBC}") = "ProjectWizardExample", "ProjectWizardExample.csproj", "{FB373FF0-EC84-430D-886C-0871BD7EBB76}"
EndProject
Global
	GlobalSection(SolutionConfigurationPlatforms) = preSolution
		Debug|Any CPU = Debug|Any CPU
		Release|Any CPU = Release|Any CPU
	EndGlobalSection
	GlobalSection(ProjectConfigurationPlatforms) = postSolution
		{FB373FF0-EC84-430D-886C-0871BD7EBB76}.Debug|Any CPU.ActiveCfg = Debug|Any CPU
		{FB373FF0-EC84-430D-886C-0871BD7EBB76}.Debug|Any CPU.Build.0 = Debug|Any CPU
		{FB373FF0-EC84-430D-886C-0871BD7EBB76}.Release|Any CPU.ActiveCfg = Release|Any CPU
		{FB373FF0-EC84-430D-886C-0871BD7EBB76}.Release|Any CPU.Build.0 = Release|Any CPU
	EndGlobalSection
	GlobalSection(SolutionProperties) = preSolution
		HideSolutionNode = FALSE
	EndGlobalSection
	GlobalSection(ExtensibilityGlobals) = postSolution
		SolutionGuid = {F5D01D21-0DD2-4528-A6FA-52D928E1FE3F}
	EndGlobalSection
EndGlobal
