
Microsoft Visual Studio Solution File, Format Version 12.00
# Visual Studio Version 17
VisualStudioVersion = 17.6.33815.320
MinimumVisualStudioVersion = 10.0.40219.1
Project("{FAE04EC0-301F-11D3-BF4B-00C04F79EFBC}") = "BCMToBilingualConverter", "BCMToBilingualConverter.csproj", "{B50A9F6D-8DC6-4782-A3EA-065C53D072B6}"
EndProject
Global
	GlobalSection(SolutionConfigurationPlatforms) = preSolution
		Debug|Any CPU = Debug|Any CPU
		Release|Any CPU = Release|Any CPU
	EndGlobalSection
	GlobalSection(ProjectConfigurationPlatforms) = postSolution
		{B50A9F6D-8DC6-4782-A3EA-065C53D072B6}.Debug|Any CPU.ActiveCfg = Debug|Any CPU
		{B50A9F6D-8DC6-4782-A3EA-065C53D072B6}.Debug|Any CPU.Build.0 = Debug|Any CPU
		{B50A9F6D-8DC6-4782-A3EA-065C53D072B6}.Release|Any CPU.ActiveCfg = Release|Any CPU
		{B50A9F6D-8DC6-4782-A3EA-065C53D072B6}.Release|Any CPU.Build.0 = Release|Any CPU
	EndGlobalSection
	GlobalSection(SolutionProperties) = preSolution
		HideSolutionNode = FALSE
	EndGlobalSection
	GlobalSection(ExtensibilityGlobals) = postSolution
		SolutionGuid = {F3E252DD-D023-4480-998C-97AC28F8E917}
	EndGlobalSection
EndGlobal
