
Microsoft Visual Studio Solution File, Format Version 12.00
# Visual Studio Version 18
VisualStudioVersion = 18.2.11415.280 d18.0
MinimumVisualStudioVersion = 10.0.40219.1
Project("{FAE04EC0-301F-11D3-BF4B-00C04F79EFBC}") = "Sdl.Community.ApplyTMTemplate", "Sdl.Community.ApplyTMTemplate\Sdl.Community.ApplyTMTemplate.csproj", "{AEADF0CA-663D-4615-AEF5-D742E07B015D}"
EndProject
Project("{2150E333-8FDC-42A3-9474-1A3956D46DE8}") = "Solution Items", "Solution Items", "{422CB674-4DB6-4087-8B8F-C51CE1AB20C8}"
	ProjectSection(SolutionItems) = preProject
		Directory.Build.props = Directory.Build.props
	EndProjectSection
EndProject
Global
	GlobalSection(SolutionConfigurationPlatforms) = preSolution
		Debug|Any CPU = Debug|Any CPU
		Release|Any CPU = Release|Any CPU
	EndGlobalSection
	GlobalSection(ProjectConfigurationPlatforms) = postSolution
		{AEADF0CA-663D-4615-AEF5-D742E07B015D}.Debug|Any CPU.ActiveCfg = Debug|Any CPU
		{AEADF0CA-663D-4615-AEF5-D742E07B015D}.Debug|Any CPU.Build.0 = Debug|Any CPU
		{AEADF0CA-663D-4615-AEF5-D742E07B015D}.Release|Any CPU.ActiveCfg = Release|Any CPU
		{AEADF0CA-663D-4615-AEF5-D742E07B015D}.Release|Any CPU.Build.0 = Release|Any CPU
	EndGlobalSection
	GlobalSection(SolutionProperties) = preSolution
		HideSolutionNode = FALSE
	EndGlobalSection
	GlobalSection(ExtensibilityGlobals) = postSolution
		SolutionGuid = {0A4E2E8C-19EF-462A-9C54-9FE6FD63E950}
	EndGlobalSection
EndGlobal
