
Microsoft Visual Studio Solution File, Format Version 12.00
# Visual Studio Version 16
VisualStudioVersion = 16.0.29519.181
MinimumVisualStudioVersion = 10.0.40219.1
Project("{FAE04EC0-301F-11D3-BF4B-00C04F79EFBC}") = "PretranslateSamplePlugin", "PretranslateSamplePlugin.csproj", "{6CA26E24-B776-4706-8BD0-FC79BCC765FF}"
EndProject
Global
	GlobalSection(SolutionConfigurationPlatforms) = preSolution
		Debug|Any CPU = Debug|Any CPU
		Release|Any CPU = Release|Any CPU
	EndGlobalSection
	GlobalSection(ProjectConfigurationPlatforms) = postSolution
		{6CA26E24-B776-4706-8BD0-FC79BCC765FF}.Debug|Any CPU.ActiveCfg = Debug|Any CPU
		{6CA26E24-B776-4706-8BD0-FC79BCC765FF}.Debug|Any CPU.Build.0 = Debug|Any CPU
		{6CA26E24-B776-4706-8BD0-FC79BCC765FF}.Release|Any CPU.ActiveCfg = Release|Any CPU
		{6CA26E24-B776-4706-8BD0-FC79BCC765FF}.Release|Any CPU.Build.0 = Release|Any CPU
	EndGlobalSection
	GlobalSection(SolutionProperties) = preSolution
		HideSolutionNode = FALSE
	EndGlobalSection
	GlobalSection(ExtensibilityGlobals) = postSolution
		SolutionGuid = {ED3969B8-DB79-471D-B1DC-F0373DE1E784}
	EndGlobalSection
EndGlobal
