
Microsoft Visual Studio Solution File, Format Version 12.00
# Visual Studio Version 17
VisualStudioVersion = 17.1.32421.90
MinimumVisualStudioVersion = 10.0.40219.1
Project("{9A19103F-16F7-4668-BE54-9A1E7A4F7556}") = "Sdl.Community.RecordSourceTU", "Sdl.Community.RecordSourceTU\Sdl.Community.RecordSourceTU.csproj", "{AE9FF782-821F-4D95-817E-85FC96A4AD23}"
EndProject
Global
	GlobalSection(SolutionConfigurationPlatforms) = preSolution
		Debug|Any CPU = Debug|Any CPU
		Release|Any CPU = Release|Any CPU
	EndGlobalSection
	GlobalSection(ProjectConfigurationPlatforms) = postSolution
		{AE9FF782-821F-4D95-817E-85FC96A4AD23}.Debug|Any CPU.ActiveCfg = Debug|Any CPU
		{AE9FF782-821F-4D95-817E-85FC96A4AD23}.Debug|Any CPU.Build.0 = Debug|Any CPU
		{AE9FF782-821F-4D95-817E-85FC96A4AD23}.Release|Any CPU.ActiveCfg = Release|Any CPU
		{AE9FF782-821F-4D95-817E-85FC96A4AD23}.Release|Any CPU.Build.0 = Release|Any CPU
	EndGlobalSection
	GlobalSection(SolutionProperties) = preSolution
		HideSolutionNode = FALSE
	EndGlobalSection
	GlobalSection(ExtensibilityGlobals) = postSolution
		SolutionGuid = {399B304A-08D3-4AC0-A5D9-89682A63CA4D}
	EndGlobalSection
EndGlobal
