
Microsoft Visual Studio Solution File, Format Version 12.00
# Visual Studio 14
VisualStudioVersion = 14.0.25420.1
MinimumVisualStudioVersion = 10.0.40219.1
Project("{FAE04EC0-301F-11D3-BF4B-00C04F79EFBC}") = "Sdl.Community.XmlReader", "Sdl.Community.XmlReader\Sdl.Community.XmlReader.csproj", "{1CBF7231-A95E-43A5-942E-49D3A9C99D4A}"
EndProject
Project("{FAE04EC0-301F-11D3-BF4B-00C04F79EFBC}") = "Sdl.Community.XmlReader.WPF", "Sdl.Community.XmlReader.WPF\Sdl.Community.XmlReader.WPF.csproj", "{AFA29A29-515A-4CBE-B59F-A73C7C2835AC}"
EndProject
Global
	GlobalSection(SolutionConfigurationPlatforms) = preSolution
		Debug|Any CPU = Debug|Any CPU
		Release|Any CPU = Release|Any CPU
	EndGlobalSection
	GlobalSection(ProjectConfigurationPlatforms) = postSolution
		{1CBF7231-A95E-43A5-942E-49D3A9C99D4A}.Debug|Any CPU.ActiveCfg = Debug|Any CPU
		{1CBF7231-A95E-43A5-942E-49D3A9C99D4A}.Debug|Any CPU.Build.0 = Debug|Any CPU
		{1CBF7231-A95E-43A5-942E-49D3A9C99D4A}.Release|Any CPU.ActiveCfg = Release|Any CPU
		{1CBF7231-A95E-43A5-942E-49D3A9C99D4A}.Release|Any CPU.Build.0 = Release|Any CPU
		{AFA29A29-515A-4CBE-B59F-A73C7C2835AC}.Debug|Any CPU.ActiveCfg = Debug|Any CPU
		{AFA29A29-515A-4CBE-B59F-A73C7C2835AC}.Debug|Any CPU.Build.0 = Debug|Any CPU
		{AFA29A29-515A-4CBE-B59F-A73C7C2835AC}.Release|Any CPU.ActiveCfg = Release|Any CPU
		{AFA29A29-515A-4CBE-B59F-A73C7C2835AC}.Release|Any CPU.Build.0 = Release|Any CPU
	EndGlobalSection
	GlobalSection(SolutionProperties) = preSolution
		HideSolutionNode = FALSE
	EndGlobalSection
EndGlobal
