
Microsoft Visual Studio Solution File, Format Version 12.00
# Visual Studio 15
VisualStudioVersion = 15.0.28307.136
MinimumVisualStudioVersion = 10.0.40219.1
Project("{FAE04EC0-301F-11D3-BF4B-00C04F79EFBC}") = "MultiTermStandAloneTestAppNew", "MultiTermStandAloneTestApp\MultiTermStandAloneTestAppNew.csproj", "{E2F9757D-14D2-4DBF-934D-DF568D41EF56}"
EndProject
Global
	GlobalSection(SolutionConfigurationPlatforms) = preSolution
		Debug|Any CPU = Debug|Any CPU
		Release|Any CPU = Release|Any CPU
	EndGlobalSection
	GlobalSection(ProjectConfigurationPlatforms) = postSolution
		{E2F9757D-14D2-4DBF-934D-DF568D41EF56}.Debug|Any CPU.ActiveCfg = Debug|Any CPU
		{E2F9757D-14D2-4DBF-934D-DF568D41EF56}.Debug|Any CPU.Build.0 = Debug|Any CPU
		{E2F9757D-14D2-4DBF-934D-DF568D41EF56}.Release|Any CPU.ActiveCfg = Release|Any CPU
		{E2F9757D-14D2-4DBF-934D-DF568D41EF56}.Release|Any CPU.Build.0 = Release|Any CPU
	EndGlobalSection
	GlobalSection(SolutionProperties) = preSolution
		HideSolutionNode = FALSE
	EndGlobalSection
	GlobalSection(ExtensibilityGlobals) = postSolution
		SolutionGuid = {D46B4159-0CA9-41D1-A28D-4E74C3E6439A}
	EndGlobalSection
EndGlobal
