
Microsoft Visual Studio Solution File, Format Version 12.00
# Visual Studio Version 17
VisualStudioVersion = 17.3.32901.215
MinimumVisualStudioVersion = 10.0.40219.1
Project("{FAE04EC0-301F-11D3-BF4B-00C04F79EFBC}") = "MultiTermToXmlSampleApp", "MultiTermToXmlSampleApp.csproj", "{1674B301-4A87-4049-A4B4-68F77763ACF9}"
EndProject
Global
	GlobalSection(SolutionConfigurationPlatforms) = preSolution
		Debug|Any CPU = Debug|Any CPU
		Release|Any CPU = Release|Any CPU
	EndGlobalSection
	GlobalSection(ProjectConfigurationPlatforms) = postSolution
		{1674B301-4A87-4049-A4B4-68F77763ACF9}.Debug|Any CPU.ActiveCfg = Debug|Any CPU
		{1674B301-4A87-4049-A4B4-68F77763ACF9}.Debug|Any CPU.Build.0 = Debug|Any CPU
		{1674B301-4A87-4049-A4B4-68F77763ACF9}.Release|Any CPU.ActiveCfg = Release|Any CPU
		{1674B301-4A87-4049-A4B4-68F77763ACF9}.Release|Any CPU.Build.0 = Release|Any CPU
	EndGlobalSection
	GlobalSection(SolutionProperties) = preSolution
		HideSolutionNode = FALSE
	EndGlobalSection
	GlobalSection(ExtensibilityGlobals) = postSolution
		SolutionGuid = {B4FC79C6-A699-4361-B05B-94B8303064CE}
	EndGlobalSection
EndGlobal
