
Microsoft Visual Studio Solution File, Format Version 12.00
# Visual Studio Version 17
VisualStudioVersion = 17.7.34031.279
MinimumVisualStudioVersion = 10.0.40219.1
Project("{FAE04EC0-301F-11D3-BF4B-00C04F79EFBC}") = "ChromiumBrowserSupport", "ChromiumBrowserSupport\ChromiumBrowserSupport.csproj", "{EA57A304-875B-4283-BEB8-697A5EEE8E46}"
EndProject
Global
	GlobalSection(SolutionConfigurationPlatforms) = preSolution
		Debug|Any CPU = Debug|Any CPU
		Release|Any CPU = Release|Any CPU
	EndGlobalSection
	GlobalSection(ProjectConfigurationPlatforms) = postSolution
		{EA57A304-875B-4283-BEB8-697A5EEE8E46}.Debug|Any CPU.ActiveCfg = Debug|Any CPU
		{EA57A304-875B-4283-BEB8-697A5EEE8E46}.Debug|Any CPU.Build.0 = Debug|Any CPU
		{EA57A304-875B-4283-BEB8-697A5EEE8E46}.Release|Any CPU.ActiveCfg = Release|Any CPU
		{EA57A304-875B-4283-BEB8-697A5EEE8E46}.Release|Any CPU.Build.0 = Release|Any CPU
	EndGlobalSection
	GlobalSection(SolutionProperties) = preSolution
		HideSolutionNode = FALSE
	EndGlobalSection
	GlobalSection(ExtensibilityGlobals) = postSolution
		SolutionGuid = {D2ED8B64-C5EE-4E47-8295-8A19DD3B46E7}
	EndGlobalSection
EndGlobal
