
Microsoft Visual Studio Solution File, Format Version 12.00
# Visual Studio 15
VisualStudioVersion = 15.0.28307.421
MinimumVisualStudioVersion = 10.0.40219.1
Project("{FAE04EC0-301F-11D3-BF4B-00C04F79EFBC}") = "DSIViewerPoC", "DSIViewerPoC\DSIViewerPoC.csproj", "{BFE31832-FCE5-4858-B6FE-9C442DF61B3C}"
EndProject
Global
	GlobalSection(SolutionConfigurationPlatforms) = preSolution
		Debug|Any CPU = Debug|Any CPU
		Release|Any CPU = Release|Any CPU
	EndGlobalSection
	GlobalSection(ProjectConfigurationPlatforms) = postSolution
		{BFE31832-FCE5-4858-B6FE-9C442DF61B3C}.Debug|Any CPU.ActiveCfg = Debug|Any CPU
		{BFE31832-FCE5-4858-B6FE-9C442DF61B3C}.Debug|Any CPU.Build.0 = Debug|Any CPU
		{BFE31832-FCE5-4858-B6FE-9C442DF61B3C}.Release|Any CPU.ActiveCfg = Release|Any CPU
		{BFE31832-FCE5-4858-B6FE-9C442DF61B3C}.Release|Any CPU.Build.0 = Release|Any CPU
	EndGlobalSection
	GlobalSection(SolutionProperties) = preSolution
		HideSolutionNode = FALSE
	EndGlobalSection
	GlobalSection(ExtensibilityGlobals) = postSolution
		SolutionGuid = {C9C8B0F6-C064-4F25-B366-85A63593B4BD}
	EndGlobalSection
EndGlobal
