
Microsoft Visual Studio Solution File, Format Version 12.00
# Visual Studio Version 17
VisualStudioVersion = 17.11.35125.118
MinimumVisualStudioVersion = 10.0.40219.1
Project("{9A19103F-16F7-4668-BE54-9A1E7A4F7556}") = "Sdl.Community.TQA", "TQA\Sdl.Community.TQA.csproj", "{1CBF7231-A95E-43A5-942E-49D3A9C99D4A}"
EndProject
Global
	GlobalSection(SolutionConfigurationPlatforms) = preSolution
		Debug|Any CPU = Debug|Any CPU
		Release|Any CPU = Release|Any CPU
	EndGlobalSection
	GlobalSection(ProjectConfigurationPlatforms) = postSolution
		{1CBF7231-A95E-43A5-942E-49D3A9C99D4A}.Debug|Any CPU.ActiveCfg = Debug|Any CPU
		{1CBF7231-A95E-43A5-942E-49D3A9C99D4A}.Debug|Any CPU.Build.0 = Debug|Any CPU
		{1CBF7231-A95E-43A5-942E-49D3A9C99D4A}.Release|Any CPU.ActiveCfg = Release|Any CPU
		{1CBF7231-A95E-43A5-942E-49D3A9C99D4A}.Release|Any CPU.Build.0 = Release|Any CPU
	EndGlobalSection
	GlobalSection(SolutionProperties) = preSolution
		HideSolutionNode = FALSE
	EndGlobalSection
	GlobalSection(ExtensibilityGlobals) = postSolution
		SolutionGuid = {FC8BDB52-5E16-4C44-A0DF-9F383DE8296F}
	EndGlobalSection
EndGlobal
