
Microsoft Visual Studio Solution File, Format Version 12.00
# Visual Studio 15
VisualStudioVersion = 15.0.28307.136
MinimumVisualStudioVersion = 10.0.40219.1
Project("{FAE04EC0-301F-11D3-BF4B-00C04F79EFBC}") = "Sdl.Community.ProjectCreatedFromTemplateTest", "Sdl.Community.ProjectCreatedFromTemplateTest\Sdl.Community.ProjectCreatedFromTemplateTest.csproj", "{5D48179F-885A-4440-8295-5537C58DE258}"
EndProject
Global
	GlobalSection(SolutionConfigurationPlatforms) = preSolution
		Debug|Any CPU = Debug|Any CPU
		Release|Any CPU = Release|Any CPU
	EndGlobalSection
	GlobalSection(ProjectConfigurationPlatforms) = postSolution
		{5D48179F-885A-4440-8295-5537C58DE258}.Debug|Any CPU.ActiveCfg = Debug|Any CPU
		{5D48179F-885A-4440-8295-5537C58DE258}.Debug|Any CPU.Build.0 = Debug|Any CPU
		{5D48179F-885A-4440-8295-5537C58DE258}.Release|Any CPU.ActiveCfg = Release|Any CPU
		{5D48179F-885A-4440-8295-5537C58DE258}.Release|Any CPU.Build.0 = Release|Any CPU
	EndGlobalSection
	GlobalSection(SolutionProperties) = preSolution
		HideSolutionNode = FALSE
	EndGlobalSection
	GlobalSection(ExtensibilityGlobals) = postSolution
		SolutionGuid = {B3C22B4A-4B21-4109-A01E-24F8BA428C5F}
	EndGlobalSection
EndGlobal
