
Microsoft Visual Studio Solution File, Format Version 12.00
# Visual Studio 15
VisualStudioVersion = 15.0.28307.1082
MinimumVisualStudioVersion = 10.0.40219.1
Project("{FAE04EC0-301F-11D3-BF4B-00C04F79EFBC}") = "RateItControl", "RateItControl\RateItControl.csproj", "{3323ED2D-E493-4EF9-AE8A-5931731E6F3C}"
EndProject
Project("{FAE04EC0-301F-11D3-BF4B-00C04F79EFBC}") = "RateItControl.Example", "RateItControl.Example\RateItControl.Example.csproj", "{2040ABA9-2798-48BE-986F-4ADB21419613}"
EndProject
Global
	GlobalSection(SolutionConfigurationPlatforms) = preSolution
		Debug|Any CPU = Debug|Any CPU
		Release|Any CPU = Release|Any CPU
	EndGlobalSection
	GlobalSection(ProjectConfigurationPlatforms) = postSolution
		{3323ED2D-E493-4EF9-AE8A-5931731E6F3C}.Debug|Any CPU.ActiveCfg = Debug|Any CPU
		{3323ED2D-E493-4EF9-AE8A-5931731E6F3C}.Debug|Any CPU.Build.0 = Debug|Any CPU
		{3323ED2D-E493-4EF9-AE8A-5931731E6F3C}.Release|Any CPU.ActiveCfg = Release|Any CPU
		{3323ED2D-E493-4EF9-AE8A-5931731E6F3C}.Release|Any CPU.Build.0 = Release|Any CPU
		{2040ABA9-2798-48BE-986F-4ADB21419613}.Debug|Any CPU.ActiveCfg = Debug|Any CPU
		{2040ABA9-2798-48BE-986F-4ADB21419613}.Debug|Any CPU.Build.0 = Debug|Any CPU
		{2040ABA9-2798-48BE-986F-4ADB21419613}.Release|Any CPU.ActiveCfg = Release|Any CPU
		{2040ABA9-2798-48BE-986F-4ADB21419613}.Release|Any CPU.Build.0 = Release|Any CPU
	EndGlobalSection
	GlobalSection(SolutionProperties) = preSolution
		HideSolutionNode = FALSE
	EndGlobalSection
	GlobalSection(ExtensibilityGlobals) = postSolution
		SolutionGuid = {351E1768-E816-471B-B9A9-D0C888497CE7}
	EndGlobalSection
EndGlobal
