
Microsoft Visual Studio Solution File, Format Version 12.00
# Visual Studio 15
VisualStudioVersion = 15.0.27130.2027
MinimumVisualStudioVersion = 10.0.40219.1
Project("{FAE04EC0-301F-11D3-BF4B-00C04F79EFBC}") = "Sdl.Community.AlignToSDLXLIFF", "Sdl.Community.AlignToSDLXLIFF\Sdl.Community.AlignToSDLXLIFF.csproj", "{661EE504-F4E4-454C-A92E-9652996F3A01}"
EndProject
Project("{930C7802-8A8C-48F9-8165-68863BCCD9DD}") = "Sdl.Community.AlignToSDLXLIFF.Installer", "Sdl.Community.AlignToSDLXLIFF.Installer\Sdl.Community.AlignToSDLXLIFF.Installer.wixproj", "{2DDA4EC0-D60D-433B-8824-1FF4C9A34133}"
EndProject
Project("{FAE04EC0-301F-11D3-BF4B-00C04F79EFBC}") = "Sdl.Community.AlignToSDLXLIFF.Core", "Sdl.Community.AlignToSDLXLIFF.Core\Sdl.Community.AlignToSDLXLIFF.Core.csproj", "{9922F5A0-1171-45A4-BAEA-F00A8766C131}"
EndProject
Global
	GlobalSection(SolutionConfigurationPlatforms) = preSolution
		Debug|Any CPU = Debug|Any CPU
		Debug|x86 = Debug|x86
		Release|Any CPU = Release|Any CPU
		Release|x86 = Release|x86
	EndGlobalSection
	GlobalSection(ProjectConfigurationPlatforms) = postSolution
		{661EE504-F4E4-454C-A92E-9652996F3A01}.Debug|Any CPU.ActiveCfg = Debug|Any CPU
		{661EE504-F4E4-454C-A92E-9652996F3A01}.Debug|Any CPU.Build.0 = Debug|Any CPU
		{661EE504-F4E4-454C-A92E-9652996F3A01}.Debug|x86.ActiveCfg = Debug|Any CPU
		{661EE504-F4E4-454C-A92E-9652996F3A01}.Debug|x86.Build.0 = Debug|Any CPU
		{661EE504-F4E4-454C-A92E-9652996F3A01}.Release|Any CPU.ActiveCfg = Release|Any CPU
		{661EE504-F4E4-454C-A92E-9652996F3A01}.Release|Any CPU.Build.0 = Release|Any CPU
		{661EE504-F4E4-454C-A92E-9652996F3A01}.Release|x86.ActiveCfg = Release|Any CPU
		{661EE504-F4E4-454C-A92E-9652996F3A01}.Release|x86.Build.0 = Release|Any CPU
		{2DDA4EC0-D60D-433B-8824-1FF4C9A34133}.Debug|Any CPU.ActiveCfg = Debug|x86
		{2DDA4EC0-D60D-433B-8824-1FF4C9A34133}.Debug|x86.ActiveCfg = Debug|x86
		{2DDA4EC0-D60D-433B-8824-1FF4C9A34133}.Debug|x86.Build.0 = Debug|x86
		{2DDA4EC0-D60D-433B-8824-1FF4C9A34133}.Release|Any CPU.ActiveCfg = Release|x86
		{2DDA4EC0-D60D-433B-8824-1FF4C9A34133}.Release|x86.ActiveCfg = Release|x86
		{2DDA4EC0-D60D-433B-8824-1FF4C9A34133}.Release|x86.Build.0 = Release|x86
		{9922F5A0-1171-45A4-BAEA-F00A8766C131}.Debug|Any CPU.ActiveCfg = Debug|Any CPU
		{9922F5A0-1171-45A4-BAEA-F00A8766C131}.Debug|Any CPU.Build.0 = Debug|Any CPU
		{9922F5A0-1171-45A4-BAEA-F00A8766C131}.Debug|x86.ActiveCfg = Debug|Any CPU
		{9922F5A0-1171-45A4-BAEA-F00A8766C131}.Debug|x86.Build.0 = Debug|Any CPU
		{9922F5A0-1171-45A4-BAEA-F00A8766C131}.Release|Any CPU.ActiveCfg = Release|Any CPU
		{9922F5A0-1171-45A4-BAEA-F00A8766C131}.Release|Any CPU.Build.0 = Release|Any CPU
		{9922F5A0-1171-45A4-BAEA-F00A8766C131}.Release|x86.ActiveCfg = Release|Any CPU
		{9922F5A0-1171-45A4-BAEA-F00A8766C131}.Release|x86.Build.0 = Release|Any CPU
	EndGlobalSection
	GlobalSection(SolutionProperties) = preSolution
		HideSolutionNode = FALSE
	EndGlobalSection
	GlobalSection(ExtensibilityGlobals) = postSolution
		SolutionGuid = {4D7FDC54-7139-49AC-B5A9-59C03150DBBC}
	EndGlobalSection
EndGlobal
