
Microsoft Visual Studio Solution File, Format Version 12.00
# Visual Studio 14
VisualStudioVersion = 14.0.24720.0
MinimumVisualStudioVersion = 10.0.40219.1
Project("{FAE04EC0-301F-11D3-BF4B-00C04F79EFBC}") = "Sdl.Community.TMRepair", "SDLTMRepair\Sdl.Community.TMRepair.csproj", "{D1A725C3-26B7-4197-980C-738B286EB864}"
EndProject
Project("{FAE04EC0-301F-11D3-BF4B-00C04F79EFBC}") = "Sdl.Community.TMRepair.Integration", "Sdl.Community.TMRepair.Integration\Sdl.Community.TMRepair.Integration.csproj", "{1CBF7231-A95E-43A5-942E-49D3A9C99D4A}"
EndProject
Global
	GlobalSection(SolutionConfigurationPlatforms) = preSolution
		CD_ROM|Any CPU = CD_ROM|Any CPU
		Debug|Any CPU = Debug|Any CPU
		DVD-5|Any CPU = DVD-5|Any CPU
		Release|Any CPU = Release|Any CPU
		SingleImage|Any CPU = SingleImage|Any CPU
	EndGlobalSection
	GlobalSection(ProjectConfigurationPlatforms) = postSolution
		{D1A725C3-26B7-4197-980C-738B286EB864}.CD_ROM|Any CPU.ActiveCfg = Release|Any CPU
		{D1A725C3-26B7-4197-980C-738B286EB864}.CD_ROM|Any CPU.Build.0 = Release|Any CPU
		{D1A725C3-26B7-4197-980C-738B286EB864}.Debug|Any CPU.ActiveCfg = Debug|Any CPU
		{D1A725C3-26B7-4197-980C-738B286EB864}.Debug|Any CPU.Build.0 = Debug|Any CPU
		{D1A725C3-26B7-4197-980C-738B286EB864}.DVD-5|Any CPU.ActiveCfg = Debug|Any CPU
		{D1A725C3-26B7-4197-980C-738B286EB864}.DVD-5|Any CPU.Build.0 = Debug|Any CPU
		{D1A725C3-26B7-4197-980C-738B286EB864}.Release|Any CPU.ActiveCfg = Release|Any CPU
		{D1A725C3-26B7-4197-980C-738B286EB864}.Release|Any CPU.Build.0 = Release|Any CPU
		{D1A725C3-26B7-4197-980C-738B286EB864}.SingleImage|Any CPU.ActiveCfg = Release|Any CPU
		{D1A725C3-26B7-4197-980C-738B286EB864}.SingleImage|Any CPU.Build.0 = Release|Any CPU
		{1CBF7231-A95E-43A5-942E-49D3A9C99D4A}.CD_ROM|Any CPU.ActiveCfg = Release|Any CPU
		{1CBF7231-A95E-43A5-942E-49D3A9C99D4A}.CD_ROM|Any CPU.Build.0 = Release|Any CPU
		{1CBF7231-A95E-43A5-942E-49D3A9C99D4A}.Debug|Any CPU.ActiveCfg = Debug|Any CPU
		{1CBF7231-A95E-43A5-942E-49D3A9C99D4A}.Debug|Any CPU.Build.0 = Debug|Any CPU
		{1CBF7231-A95E-43A5-942E-49D3A9C99D4A}.DVD-5|Any CPU.ActiveCfg = Debug|Any CPU
		{1CBF7231-A95E-43A5-942E-49D3A9C99D4A}.DVD-5|Any CPU.Build.0 = Debug|Any CPU
		{1CBF7231-A95E-43A5-942E-49D3A9C99D4A}.Release|Any CPU.ActiveCfg = Release|Any CPU
		{1CBF7231-A95E-43A5-942E-49D3A9C99D4A}.Release|Any CPU.Build.0 = Release|Any CPU
		{1CBF7231-A95E-43A5-942E-49D3A9C99D4A}.SingleImage|Any CPU.ActiveCfg = Release|Any CPU
		{1CBF7231-A95E-43A5-942E-49D3A9C99D4A}.SingleImage|Any CPU.Build.0 = Release|Any CPU
	EndGlobalSection
	GlobalSection(SolutionProperties) = preSolution
		HideSolutionNode = FALSE
	EndGlobalSection
EndGlobal
