
Microsoft Visual Studio Solution File, Format Version 12.00
# Visual Studio Version 18
VisualStudioVersion = 18.2.11415.280 d18.0
MinimumVisualStudioVersion = 10.0.40219.1
Project("{FAE04EC0-301F-11D3-BF4B-00C04F79EFBC}") = "VerifyFilesAuditReport", "VerifyFilesAuditReport\VerifyFilesAuditReport.csproj", "{05BC1B65-1A18-46D6-9B93-8B61F61C2A56}"
EndProject
Project("{FAE04EC0-301F-11D3-BF4B-00C04F79EFBC}") = "VerifyFilesAuditReport_Tests", "VerifyFilesAuditReport_Tests\VerifyFilesAuditReport_Tests.csproj", "{A1538D36-B176-48ED-88A5-7F7CE87FE3DC}"
EndProject
Global
	GlobalSection(SolutionConfigurationPlatforms) = preSolution
		Debug|Any CPU = Debug|Any CPU
		Release|Any CPU = Release|Any CPU
	EndGlobalSection
	GlobalSection(ProjectConfigurationPlatforms) = postSolution
		{05BC1B65-1A18-46D6-9B93-8B61F61C2A56}.Debug|Any CPU.ActiveCfg = Debug|Any CPU
		{05BC1B65-1A18-46D6-9B93-8B61F61C2A56}.Debug|Any CPU.Build.0 = Debug|Any CPU
		{05BC1B65-1A18-46D6-9B93-8B61F61C2A56}.Release|Any CPU.ActiveCfg = Release|Any CPU
		{05BC1B65-1A18-46D6-9B93-8B61F61C2A56}.Release|Any CPU.Build.0 = Release|Any CPU
		{A1538D36-B176-48ED-88A5-7F7CE87FE3DC}.Debug|Any CPU.ActiveCfg = Debug|Any CPU
		{A1538D36-B176-48ED-88A5-7F7CE87FE3DC}.Debug|Any CPU.Build.0 = Debug|Any CPU
		{A1538D36-B176-48ED-88A5-7F7CE87FE3DC}.Release|Any CPU.ActiveCfg = Release|Any CPU
		{A1538D36-B176-48ED-88A5-7F7CE87FE3DC}.Release|Any CPU.Build.0 = Release|Any CPU
	EndGlobalSection
	GlobalSection(SolutionProperties) = preSolution
		HideSolutionNode = FALSE
	EndGlobalSection
	GlobalSection(ExtensibilityGlobals) = postSolution
		SolutionGuid = {1D4578C1-C7D0-4E9C-9B41-39911AECE578}
	EndGlobalSection
EndGlobal
