
Microsoft Visual Studio Solution File, Format Version 12.00
# Visual Studio Version 17
VisualStudioVersion = 17.5.33516.290
MinimumVisualStudioVersion = 10.0.40219.1
Project("{9A19103F-16F7-4668-BE54-9A1E7A4F7556}") = "LanguageWeaverProvider", "LanguageWeaverProvider.csproj", "{7A4BF1A0-446B-431E-9253-B0677CF113E5}"
EndProject
Project("{9A19103F-16F7-4668-BE54-9A1E7A4F7556}") = "LanguageMappingProvider", "..\LanguageMappingProvider\LanguageMappingProvider\LanguageMappingProvider.csproj", "{4C969211-FBA7-466B-90E1-78C741EC2506}"
EndProject
Global
	GlobalSection(SolutionConfigurationPlatforms) = preSolution
		Debug|Any CPU = Debug|Any CPU
		Release|Any CPU = Release|Any CPU
	EndGlobalSection
	GlobalSection(ProjectConfigurationPlatforms) = postSolution
		{7A4BF1A0-446B-431E-9253-B0677CF113E5}.Debug|Any CPU.ActiveCfg = Debug|Any CPU
		{7A4BF1A0-446B-431E-9253-B0677CF113E5}.Debug|Any CPU.Build.0 = Debug|Any CPU
		{7A4BF1A0-446B-431E-9253-B0677CF113E5}.Release|Any CPU.ActiveCfg = Release|Any CPU
		{7A4BF1A0-446B-431E-9253-B0677CF113E5}.Release|Any CPU.Build.0 = Release|Any CPU
		{4C969211-FBA7-466B-90E1-78C741EC2506}.Debug|Any CPU.ActiveCfg = Debug|Any CPU
		{4C969211-FBA7-466B-90E1-78C741EC2506}.Debug|Any CPU.Build.0 = Debug|Any CPU
		{4C969211-FBA7-466B-90E1-78C741EC2506}.Release|Any CPU.ActiveCfg = Release|Any CPU
		{4C969211-FBA7-466B-90E1-78C741EC2506}.Release|Any CPU.Build.0 = Release|Any CPU
	EndGlobalSection
	GlobalSection(SolutionProperties) = preSolution
		HideSolutionNode = FALSE
	EndGlobalSection
	GlobalSection(ExtensibilityGlobals) = postSolution
		SolutionGuid = {35EB3366-9281-4C1C-9E86-79E37F4CFB8F}
	EndGlobalSection
EndGlobal
