
Microsoft Visual Studio Solution File, Format Version 12.00
# Visual Studio 15
VisualStudioVersion = 15.0.28307.421
MinimumVisualStudioVersion = 10.0.40219.1
Project("{FAE04EC0-301F-11D3-BF4B-00C04F79EFBC}") = "Sdl.Community.AhkPlugin", "Sdl.Community.AhkPlugin.csproj", "{7F4A6B51-B24C-4A16-9F3E-5A8A7CAD56AF}"
EndProject
Global
	GlobalSection(SolutionConfigurationPlatforms) = preSolution
		Debug|Any CPU = Debug|Any CPU
		Release|Any CPU = Release|Any CPU
	EndGlobalSection
	GlobalSection(ProjectConfigurationPlatforms) = postSolution
		{7F4A6B51-B24C-4A16-9F3E-5A8A7CAD56AF}.Debug|Any CPU.ActiveCfg = Debug|Any CPU
		{7F4A6B51-B24C-4A16-9F3E-5A8A7CAD56AF}.Debug|Any CPU.Build.0 = Debug|Any CPU
		{7F4A6B51-B24C-4A16-9F3E-5A8A7CAD56AF}.Release|Any CPU.ActiveCfg = Release|Any CPU
		{7F4A6B51-B24C-4A16-9F3E-5A8A7CAD56AF}.Release|Any CPU.Build.0 = Release|Any CPU
	EndGlobalSection
	GlobalSection(SolutionProperties) = preSolution
		HideSolutionNode = FALSE
	EndGlobalSection
	GlobalSection(ExtensibilityGlobals) = postSolution
		SolutionGuid = {6CC08E8B-FE5B-4DE9-8213-B07647133B55}
	EndGlobalSection
EndGlobal
