
Microsoft Visual Studio Solution File, Format Version 12.00
# Visual Studio 15
VisualStudioVersion = 15.0.26430.6
MinimumVisualStudioVersion = 10.0.40219.1
Project("{FAE04EC0-301F-11D3-BF4B-00C04F79EFBC}") = "Sdl.Community.AhkPlugin", "Sdl.Community.AhkPlugin.csproj", "{7F4A6B51-B24C-4A16-9F3E-5A8A7CAD56AF}"
EndProject
Project("{FAE04EC0-301F-11D3-BF4B-00C04F79EFBC}") = "Sdl.Community.AhkPlugin.Model", "..\Sdl.Community.AhkPlugin.Model\Sdl.Community.AhkPlugin.Model.csproj", "{839DFE71-5952-482A-9E34-FBB434B30FE7}"
EndProject
Project("{FAE04EC0-301F-11D3-BF4B-00C04F79EFBC}") = "Sdl.Community.AhkPlugin.Repository", "Sdl.Community.AhkPlugin.Repository\Sdl.Community.AhkPlugin.Repository.csproj", "{7C8DA726-B576-4BB8-929F-E7DC4625F0EE}"
EndProject
Global
	GlobalSection(SolutionConfigurationPlatforms) = preSolution
		Debug|Any CPU = Debug|Any CPU
		Release|Any CPU = Release|Any CPU
	EndGlobalSection
	GlobalSection(ProjectConfigurationPlatforms) = postSolution
		{7F4A6B51-B24C-4A16-9F3E-5A8A7CAD56AF}.Debug|Any CPU.ActiveCfg = Debug|Any CPU
		{7F4A6B51-B24C-4A16-9F3E-5A8A7CAD56AF}.Debug|Any CPU.Build.0 = Debug|Any CPU
		{7F4A6B51-B24C-4A16-9F3E-5A8A7CAD56AF}.Release|Any CPU.ActiveCfg = Release|Any CPU
		{7F4A6B51-B24C-4A16-9F3E-5A8A7CAD56AF}.Release|Any CPU.Build.0 = Release|Any CPU
		{839DFE71-5952-482A-9E34-FBB434B30FE7}.Debug|Any CPU.ActiveCfg = Debug|Any CPU
		{839DFE71-5952-482A-9E34-FBB434B30FE7}.Debug|Any CPU.Build.0 = Debug|Any CPU
		{839DFE71-5952-482A-9E34-FBB434B30FE7}.Release|Any CPU.ActiveCfg = Release|Any CPU
		{839DFE71-5952-482A-9E34-FBB434B30FE7}.Release|Any CPU.Build.0 = Release|Any CPU
		{7C8DA726-B576-4BB8-929F-E7DC4625F0EE}.Debug|Any CPU.ActiveCfg = Debug|Any CPU
		{7C8DA726-B576-4BB8-929F-E7DC4625F0EE}.Debug|Any CPU.Build.0 = Debug|Any CPU
		{7C8DA726-B576-4BB8-929F-E7DC4625F0EE}.Release|Any CPU.ActiveCfg = Release|Any CPU
		{7C8DA726-B576-4BB8-929F-E7DC4625F0EE}.Release|Any CPU.Build.0 = Release|Any CPU
	EndGlobalSection
	GlobalSection(SolutionProperties) = preSolution
		HideSolutionNode = FALSE
	EndGlobalSection
EndGlobal
