
Microsoft Visual Studio Solution File, Format Version 12.00
# Visual Studio 14
VisualStudioVersion = 14.0.25420.1
MinimumVisualStudioVersion = 10.0.40219.1
Project("{FAE04EC0-301F-11D3-BF4B-00C04F79EFBC}") = "Sdl.Community.SDLXLIFFSliceOrChange", "SDLXLIFFSliceOrChange\Sdl.Community.SDLXLIFFSliceOrChange.csproj", "{3C48001C-AA88-4799-B622-4FDC93AA70D6}"
EndProject
Project("{930C7802-8A8C-48F9-8165-68863BCCD9DD}") = "SDLXLIFFSliceOrchange Setup", "SDLXLIFFSliceOrchange Setup\SDLXLIFFSliceOrchange Setup.wixproj", "{ACBF0ECD-BA6C-4AF6-ABAF-EF4AFFEB8E95}"
EndProject
Project("{FAE04EC0-301F-11D3-BF4B-00C04F79EFBC}") = "Sdl.Community.SdlxliffToolkit.Integration", "Sdl.Community.SdlxliffToolkit.Integration\Sdl.Community.SdlxliffToolkit.Integration.csproj", "{1CBF7231-A95E-43A5-942E-49D3A9C99D4A}"
EndProject
Global
	GlobalSection(SolutionConfigurationPlatforms) = preSolution
		CD_ROM|Any CPU = CD_ROM|Any CPU
		CD_ROM|Mixed Platforms = CD_ROM|Mixed Platforms
		CD_ROM|x86 = CD_ROM|x86
		Debug|Any CPU = Debug|Any CPU
		Debug|Mixed Platforms = Debug|Mixed Platforms
		Debug|x86 = Debug|x86
		DVD-5|Any CPU = DVD-5|Any CPU
		DVD-5|Mixed Platforms = DVD-5|Mixed Platforms
		DVD-5|x86 = DVD-5|x86
		Release|Any CPU = Release|Any CPU
		Release|Mixed Platforms = Release|Mixed Platforms
		Release|x86 = Release|x86
		SingleImage|Any CPU = SingleImage|Any CPU
		SingleImage|Mixed Platforms = SingleImage|Mixed Platforms
		SingleImage|x86 = SingleImage|x86
	EndGlobalSection
	GlobalSection(ProjectConfigurationPlatforms) = postSolution
		{3C48001C-AA88-4799-B622-4FDC93AA70D6}.CD_ROM|Any CPU.ActiveCfg = Release|Any CPU
		{3C48001C-AA88-4799-B622-4FDC93AA70D6}.CD_ROM|Any CPU.Build.0 = Release|Any CPU
		{3C48001C-AA88-4799-B622-4FDC93AA70D6}.CD_ROM|Mixed Platforms.ActiveCfg = Debug|Any CPU
		{3C48001C-AA88-4799-B622-4FDC93AA70D6}.CD_ROM|Mixed Platforms.Build.0 = Debug|Any CPU
		{3C48001C-AA88-4799-B622-4FDC93AA70D6}.CD_ROM|x86.ActiveCfg = Debug|Any CPU
		{3C48001C-AA88-4799-B622-4FDC93AA70D6}.Debug|Any CPU.ActiveCfg = Debug|Any CPU
		{3C48001C-AA88-4799-B622-4FDC93AA70D6}.Debug|Any CPU.Build.0 = Debug|Any CPU
		{3C48001C-AA88-4799-B622-4FDC93AA70D6}.Debug|Mixed Platforms.ActiveCfg = Debug|Any CPU
		{3C48001C-AA88-4799-B622-4FDC93AA70D6}.Debug|Mixed Platforms.Build.0 = Debug|Any CPU
		{3C48001C-AA88-4799-B622-4FDC93AA70D6}.Debug|x86.ActiveCfg = Debug|Any CPU
		{3C48001C-AA88-4799-B622-4FDC93AA70D6}.DVD-5|Any CPU.ActiveCfg = Debug|Any CPU
		{3C48001C-AA88-4799-B622-4FDC93AA70D6}.DVD-5|Any CPU.Build.0 = Debug|Any CPU
		{3C48001C-AA88-4799-B622-4FDC93AA70D6}.DVD-5|Mixed Platforms.ActiveCfg = Debug|Any CPU
		{3C48001C-AA88-4799-B622-4FDC93AA70D6}.DVD-5|Mixed Platforms.Build.0 = Debug|Any CPU
		{3C48001C-AA88-4799-B622-4FDC93AA70D6}.DVD-5|x86.ActiveCfg = Debug|Any CPU
		{3C48001C-AA88-4799-B622-4FDC93AA70D6}.Release|Any CPU.ActiveCfg = Release|Any CPU
		{3C48001C-AA88-4799-B622-4FDC93AA70D6}.Release|Any CPU.Build.0 = Release|Any CPU
		{3C48001C-AA88-4799-B622-4FDC93AA70D6}.Release|Mixed Platforms.ActiveCfg = Release|Any CPU
		{3C48001C-AA88-4799-B622-4FDC93AA70D6}.Release|Mixed Platforms.Build.0 = Release|Any CPU
		{3C48001C-AA88-4799-B622-4FDC93AA70D6}.Release|x86.ActiveCfg = Release|Any CPU
		{3C48001C-AA88-4799-B622-4FDC93AA70D6}.SingleImage|Any CPU.ActiveCfg = Release|Any CPU
		{3C48001C-AA88-4799-B622-4FDC93AA70D6}.SingleImage|Any CPU.Build.0 = Release|Any CPU
		{3C48001C-AA88-4799-B622-4FDC93AA70D6}.SingleImage|Mixed Platforms.ActiveCfg = Debug|Any CPU
		{3C48001C-AA88-4799-B622-4FDC93AA70D6}.SingleImage|Mixed Platforms.Build.0 = Debug|Any CPU
		{3C48001C-AA88-4799-B622-4FDC93AA70D6}.SingleImage|x86.ActiveCfg = Debug|Any CPU
		{ACBF0ECD-BA6C-4AF6-ABAF-EF4AFFEB8E95}.CD_ROM|Any CPU.ActiveCfg = Release|x86
		{ACBF0ECD-BA6C-4AF6-ABAF-EF4AFFEB8E95}.CD_ROM|Mixed Platforms.ActiveCfg = Release|x86
		{ACBF0ECD-BA6C-4AF6-ABAF-EF4AFFEB8E95}.CD_ROM|Mixed Platforms.Build.0 = Release|x86
		{ACBF0ECD-BA6C-4AF6-ABAF-EF4AFFEB8E95}.CD_ROM|x86.ActiveCfg = Release|x86
		{ACBF0ECD-BA6C-4AF6-ABAF-EF4AFFEB8E95}.CD_ROM|x86.Build.0 = Release|x86
		{ACBF0ECD-BA6C-4AF6-ABAF-EF4AFFEB8E95}.Debug|Any CPU.ActiveCfg = Debug|x86
		{ACBF0ECD-BA6C-4AF6-ABAF-EF4AFFEB8E95}.Debug|Mixed Platforms.ActiveCfg = Debug|x86
		{ACBF0ECD-BA6C-4AF6-ABAF-EF4AFFEB8E95}.Debug|Mixed Platforms.Build.0 = Debug|x86
		{ACBF0ECD-BA6C-4AF6-ABAF-EF4AFFEB8E95}.Debug|x86.ActiveCfg = Debug|x86
		{ACBF0ECD-BA6C-4AF6-ABAF-EF4AFFEB8E95}.Debug|x86.Build.0 = Debug|x86
		{ACBF0ECD-BA6C-4AF6-ABAF-EF4AFFEB8E95}.DVD-5|Any CPU.ActiveCfg = Debug|x86
		{ACBF0ECD-BA6C-4AF6-ABAF-EF4AFFEB8E95}.DVD-5|Mixed Platforms.ActiveCfg = Debug|x86
		{ACBF0ECD-BA6C-4AF6-ABAF-EF4AFFEB8E95}.DVD-5|Mixed Platforms.Build.0 = Debug|x86
		{ACBF0ECD-BA6C-4AF6-ABAF-EF4AFFEB8E95}.DVD-5|x86.ActiveCfg = Debug|x86
		{ACBF0ECD-BA6C-4AF6-ABAF-EF4AFFEB8E95}.DVD-5|x86.Build.0 = Debug|x86
		{ACBF0ECD-BA6C-4AF6-ABAF-EF4AFFEB8E95}.Release|Any CPU.ActiveCfg = Release|x86
		{ACBF0ECD-BA6C-4AF6-ABAF-EF4AFFEB8E95}.Release|Mixed Platforms.ActiveCfg = Release|x86
		{ACBF0ECD-BA6C-4AF6-ABAF-EF4AFFEB8E95}.Release|Mixed Platforms.Build.0 = Release|x86
		{ACBF0ECD-BA6C-4AF6-ABAF-EF4AFFEB8E95}.Release|x86.ActiveCfg = Release|x86
		{ACBF0ECD-BA6C-4AF6-ABAF-EF4AFFEB8E95}.Release|x86.Build.0 = Release|x86
		{ACBF0ECD-BA6C-4AF6-ABAF-EF4AFFEB8E95}.SingleImage|Any CPU.ActiveCfg = Release|x86
		{ACBF0ECD-BA6C-4AF6-ABAF-EF4AFFEB8E95}.SingleImage|Mixed Platforms.ActiveCfg = Release|x86
		{ACBF0ECD-BA6C-4AF6-ABAF-EF4AFFEB8E95}.SingleImage|Mixed Platforms.Build.0 = Release|x86
		{ACBF0ECD-BA6C-4AF6-ABAF-EF4AFFEB8E95}.SingleImage|x86.ActiveCfg = Release|x86
		{ACBF0ECD-BA6C-4AF6-ABAF-EF4AFFEB8E95}.SingleImage|x86.Build.0 = Release|x86
		{1CBF7231-A95E-43A5-942E-49D3A9C99D4A}.CD_ROM|Any CPU.ActiveCfg = Release|Any CPU
		{1CBF7231-A95E-43A5-942E-49D3A9C99D4A}.CD_ROM|Any CPU.Build.0 = Release|Any CPU
		{1CBF7231-A95E-43A5-942E-49D3A9C99D4A}.CD_ROM|Mixed Platforms.ActiveCfg = Release|Any CPU
		{1CBF7231-A95E-43A5-942E-49D3A9C99D4A}.CD_ROM|Mixed Platforms.Build.0 = Release|Any CPU
		{1CBF7231-A95E-43A5-942E-49D3A9C99D4A}.CD_ROM|x86.ActiveCfg = Release|Any CPU
		{1CBF7231-A95E-43A5-942E-49D3A9C99D4A}.CD_ROM|x86.Build.0 = Release|Any CPU
		{1CBF7231-A95E-43A5-942E-49D3A9C99D4A}.Debug|Any CPU.ActiveCfg = Debug|Any CPU
		{1CBF7231-A95E-43A5-942E-49D3A9C99D4A}.Debug|Any CPU.Build.0 = Debug|Any CPU
		{1CBF7231-A95E-43A5-942E-49D3A9C99D4A}.Debug|Mixed Platforms.ActiveCfg = Debug|Any CPU
		{1CBF7231-A95E-43A5-942E-49D3A9C99D4A}.Debug|Mixed Platforms.Build.0 = Debug|Any CPU
		{1CBF7231-A95E-43A5-942E-49D3A9C99D4A}.Debug|x86.ActiveCfg = Debug|Any CPU
		{1CBF7231-A95E-43A5-942E-49D3A9C99D4A}.Debug|x86.Build.0 = Debug|Any CPU
		{1CBF7231-A95E-43A5-942E-49D3A9C99D4A}.DVD-5|Any CPU.ActiveCfg = Debug|Any CPU
		{1CBF7231-A95E-43A5-942E-49D3A9C99D4A}.DVD-5|Any CPU.Build.0 = Debug|Any CPU
		{1CBF7231-A95E-43A5-942E-49D3A9C99D4A}.DVD-5|Mixed Platforms.ActiveCfg = Debug|Any CPU
		{1CBF7231-A95E-43A5-942E-49D3A9C99D4A}.DVD-5|Mixed Platforms.Build.0 = Debug|Any CPU
		{1CBF7231-A95E-43A5-942E-49D3A9C99D4A}.DVD-5|x86.ActiveCfg = Debug|Any CPU
		{1CBF7231-A95E-43A5-942E-49D3A9C99D4A}.DVD-5|x86.Build.0 = Debug|Any CPU
		{1CBF7231-A95E-43A5-942E-49D3A9C99D4A}.Release|Any CPU.ActiveCfg = Release|Any CPU
		{1CBF7231-A95E-43A5-942E-49D3A9C99D4A}.Release|Any CPU.Build.0 = Release|Any CPU
		{1CBF7231-A95E-43A5-942E-49D3A9C99D4A}.Release|Mixed Platforms.ActiveCfg = Release|Any CPU
		{1CBF7231-A95E-43A5-942E-49D3A9C99D4A}.Release|Mixed Platforms.Build.0 = Release|Any CPU
		{1CBF7231-A95E-43A5-942E-49D3A9C99D4A}.Release|x86.ActiveCfg = Release|Any CPU
		{1CBF7231-A95E-43A5-942E-49D3A9C99D4A}.Release|x86.Build.0 = Release|Any CPU
		{1CBF7231-A95E-43A5-942E-49D3A9C99D4A}.SingleImage|Any CPU.ActiveCfg = Release|Any CPU
		{1CBF7231-A95E-43A5-942E-49D3A9C99D4A}.SingleImage|Any CPU.Build.0 = Release|Any CPU
		{1CBF7231-A95E-43A5-942E-49D3A9C99D4A}.SingleImage|Mixed Platforms.ActiveCfg = Release|Any CPU
		{1CBF7231-A95E-43A5-942E-49D3A9C99D4A}.SingleImage|Mixed Platforms.Build.0 = Release|Any CPU
		{1CBF7231-A95E-43A5-942E-49D3A9C99D4A}.SingleImage|x86.ActiveCfg = Release|Any CPU
		{1CBF7231-A95E-43A5-942E-49D3A9C99D4A}.SingleImage|x86.Build.0 = Release|Any CPU
	EndGlobalSection
	GlobalSection(SolutionProperties) = preSolution
		HideSolutionNode = FALSE
	EndGlobalSection
EndGlobal
